// !$*UTF8*$!
{
	archiveVersion = 1;
	classes = {
	};
	objectVersion = 46;
	objects = {

/* Begin PBXBuildFile section */
		C206D98816001D3400CAA726 /* TextOverlayLayer.mm in Sources */ = {isa = PBXBuildFile; fileRef = C206D98716001D3400CAA726 /* TextOverlayLayer.mm */; };
		C206D98E16001D7200CAA726 /* GameManager.mm in Sources */ = {isa = PBXBuildFile; fileRef = C206D98D16001D7200CAA726 /* GameManager.mm */; };
		C233C5191605312F00622E77 /* HDTimer.mm in Sources */ = {isa = PBXBuildFile; fileRef = C233C5181605312F00622E77 /* HDTimer.mm */; };
		C233C5211605653D00622E77 /* background-hd.png in Resources */ = {isa = PBXBuildFile; fileRef = C233C51F1605653D00622E77 /* background-hd.png */; };
		C233C5221605653D00622E77 /* background.png in Resources */ = {isa = PBXBuildFile; fileRef = C233C5201605653D00622E77 /* background.png */; };
		C233C52516056A7E00622E77 /* BackgroundLayer.mm in Sources */ = {isa = PBXBuildFile; fileRef = C233C52416056A7E00622E77 /* BackgroundLayer.mm */; };
		C233C52816056FB600622E77 /* HDGamePlayRootScene.mm in Sources */ = {isa = PBXBuildFile; fileRef = C233C52716056FB600622E77 /* HDGamePlayRootScene.mm */; };
		C2468470160C72D10063DAAD /* LeaderBoardLayer.mm in Sources */ = {isa = PBXBuildFile; fileRef = C246846F160C72D10063DAAD /* LeaderBoardLayer.mm */; };
		C2468474160C76610063DAAD /* AboutLayer.mm in Sources */ = {isa = PBXBuildFile; fileRef = C2468473160C76610063DAAD /* AboutLayer.mm */; };
		C24A84621607E42700F769D4 /* PDKeychainBindings.m in Sources */ = {isa = PBXBuildFile; fileRef = C24A84611607E42700F769D4 /* PDKeychainBindings.m */; };
		C24A84651607E46200F769D4 /* PDKeychainBindingsController.m in Sources */ = {isa = PBXBuildFile; fileRef = C24A84641607E46200F769D4 /* PDKeychainBindingsController.m */; };
		C24A84671607E51B00F769D4 /* Security.framework in Frameworks */ = {isa = PBXBuildFile; fileRef = C24A84661607E51B00F769D4 /* Security.framework */; };
		C24A846B16093DB200F769D4 /* HDOrbTimer.mm in Sources */ = {isa = PBXBuildFile; fileRef = C24A846A16093DB200F769D4 /* HDOrbTimer.mm */; };
		C24A846E160A687200F769D4 /* question_button-hd.png in Resources */ = {isa = PBXBuildFile; fileRef = C24A846C160A687200F769D4 /* question_button-hd.png */; };
		C24A846F160A687200F769D4 /* question_button.png in Resources */ = {isa = PBXBuildFile; fileRef = C24A846D160A687200F769D4 /* question_button.png */; };
		C24A8472160A6B0500F769D4 /* gear_button-hd.png in Resources */ = {isa = PBXBuildFile; fileRef = C24A8470160A6B0500F769D4 /* gear_button-hd.png */; };
		C24A8473160A6B0500F769D4 /* gear_button.png in Resources */ = {isa = PBXBuildFile; fileRef = C24A8471160A6B0500F769D4 /* gear_button.png */; };
		C26773C216001FBA008B2135 /* HDStartLayer.mm in Sources */ = {isa = PBXBuildFile; fileRef = C26773C116001FBA008B2135 /* HDStartLayer.mm */; };
		C26773C616002E7E008B2135 /* goodball.png in Resources */ = {isa = PBXBuildFile; fileRef = C26773C416002E7E008B2135 /* goodball.png */; };
		C26773C716002E7E008B2135 /* goodball-hd.png in Resources */ = {isa = PBXBuildFile; fileRef = C26773C516002E7E008B2135 /* goodball-hd.png */; };
		C26773CE16004144008B2135 /* CollisionHandler.mm in Sources */ = {isa = PBXBuildFile; fileRef = C26773CD16004144008B2135 /* CollisionHandler.mm */; };
		C26773D1160051A4008B2135 /* DeletableBody.mm in Sources */ = {isa = PBXBuildFile; fileRef = C26773D0160051A4008B2135 /* DeletableBody.mm */; };
		C26773D416005729008B2135 /* hd-font.fnt in Resources */ = {isa = PBXBuildFile; fileRef = C26773D216005729008B2135 /* hd-font.fnt */; };
		C26773D516005729008B2135 /* hd-font.png in Resources */ = {isa = PBXBuildFile; fileRef = C26773D316005729008B2135 /* hd-font.png */; };
		C26773E11600FD1B008B2135 /* PauseLayer.mm in Sources */ = {isa = PBXBuildFile; fileRef = C26773E01600FD1A008B2135 /* PauseLayer.mm */; };
		C26FF857160A82E400190FC7 /* gear_button_sel-hd.png in Resources */ = {isa = PBXBuildFile; fileRef = C26FF855160A82E400190FC7 /* gear_button_sel-hd.png */; };
		C26FF858160A82E400190FC7 /* gear_button_sel.png in Resources */ = {isa = PBXBuildFile; fileRef = C26FF856160A82E400190FC7 /* gear_button_sel.png */; };
		C26FF85C160A847B00190FC7 /* question_button_sel-hd.png in Resources */ = {isa = PBXBuildFile; fileRef = C26FF85A160A847B00190FC7 /* question_button_sel-hd.png */; };
		C26FF85D160A847B00190FC7 /* question_button_sel.png in Resources */ = {isa = PBXBuildFile; fileRef = C26FF85B160A847B00190FC7 /* question_button_sel.png */; };
		C26FF860160A850500190FC7 /* leader_board_sel-hd.png in Resources */ = {isa = PBXBuildFile; fileRef = C26FF85E160A850500190FC7 /* leader_board_sel-hd.png */; };
		C26FF861160A850500190FC7 /* leader_board_sel.png in Resources */ = {isa = PBXBuildFile; fileRef = C26FF85F160A850500190FC7 /* leader_board_sel.png */; };
		C26FF864160A850F00190FC7 /* credits_sel-hd.png in Resources */ = {isa = PBXBuildFile; fileRef = C26FF862160A850F00190FC7 /* credits_sel-hd.png */; };
		C26FF865160A850F00190FC7 /* credits_sel.png in Resources */ = {isa = PBXBuildFile; fileRef = C26FF863160A850F00190FC7 /* credits_sel.png */; };
		C26FF868160A854200190FC7 /* HelpLayer.mm in Sources */ = {isa = PBXBuildFile; fileRef = C26FF867160A854200190FC7 /* HelpLayer.mm */; };
		C2AFF07F1602A0D100BD1BD1 /* yellow_thing-hd.plist in Resources */ = {isa = PBXBuildFile; fileRef = C2AFF07D1602A0D100BD1BD1 /* yellow_thing-hd.plist */; };
		C2AFF0821602D06000BD1BD1 /* yellow_thing.plist in Resources */ = {isa = PBXBuildFile; fileRef = C2AFF0801602D06000BD1BD1 /* yellow_thing.plist */; };
		C2AFF0831602D06000BD1BD1 /* yellow_thing.png in Resources */ = {isa = PBXBuildFile; fileRef = C2AFF0811602D06000BD1BD1 /* yellow_thing.png */; };
		C2AFF08A1602DB3600BD1BD1 /* purple_thing.plist in Resources */ = {isa = PBXBuildFile; fileRef = C2AFF0861602DB3600BD1BD1 /* purple_thing.plist */; };
		C2AFF0901602E18000BD1BD1 /* green_thing-hd.plist in Resources */ = {isa = PBXBuildFile; fileRef = C2AFF08C1602E18000BD1BD1 /* green_thing-hd.plist */; };
		C2AFF0911602E18000BD1BD1 /* green_thing-hd.png in Resources */ = {isa = PBXBuildFile; fileRef = C2AFF08D1602E18000BD1BD1 /* green_thing-hd.png */; };
		C2AFF0921602E18000BD1BD1 /* green_thing.plist in Resources */ = {isa = PBXBuildFile; fileRef = C2AFF08E1602E18000BD1BD1 /* green_thing.plist */; };
		C2AFF0931602E18000BD1BD1 /* green_thing.png in Resources */ = {isa = PBXBuildFile; fileRef = C2AFF08F1602E18000BD1BD1 /* green_thing.png */; };
		C2F5F763160A7B9F002B8EE9 /* credits-hd.png in Resources */ = {isa = PBXBuildFile; fileRef = C2F5F761160A7B9F002B8EE9 /* credits-hd.png */; };
		C2F5F764160A7B9F002B8EE9 /* credits.png in Resources */ = {isa = PBXBuildFile; fileRef = C2F5F762160A7B9F002B8EE9 /* credits.png */; };
		C2F5F768160A7C22002B8EE9 /* leader_board-hd.png in Resources */ = {isa = PBXBuildFile; fileRef = C2F5F766160A7C22002B8EE9 /* leader_board-hd.png */; };
		C2F5F769160A7C22002B8EE9 /* leader_board.png in Resources */ = {isa = PBXBuildFile; fileRef = C2F5F767160A7C22002B8EE9 /* leader_board.png */; };
		C2F5F76C160A7DB9002B8EE9 /* HDSettingsLayer.mm in Sources */ = {isa = PBXBuildFile; fileRef = C2F5F76B160A7DB9002B8EE9 /* HDSettingsLayer.mm */; };
		C2F707891605924F000764E4 /* purple_thing-hd.plist in Resources */ = {isa = PBXBuildFile; fileRef = C2F707861605924F000764E4 /* purple_thing-hd.plist */; };
		C2F7078A1605924F000764E4 /* purple_thing-hd.png in Resources */ = {isa = PBXBuildFile; fileRef = C2F707871605924F000764E4 /* purple_thing-hd.png */; };
		C2F7078B1605924F000764E4 /* purple_thing.png in Resources */ = {isa = PBXBuildFile; fileRef = C2F707881605924F000764E4 /* purple_thing.png */; };
		C2F70793160593D7000764E4 /* start-hd.png in Resources */ = {isa = PBXBuildFile; fileRef = C2F70791160593D7000764E4 /* start-hd.png */; };
		C2F70794160593D7000764E4 /* start.png in Resources */ = {isa = PBXBuildFile; fileRef = C2F70792160593D7000764E4 /* start.png */; };
		C2F7079716066D51000764E4 /* faderOverlay-hd.png in Resources */ = {isa = PBXBuildFile; fileRef = C2F7079516066D51000764E4 /* faderOverlay-hd.png */; };
		C2F7079816066D51000764E4 /* faderOverlay.png in Resources */ = {isa = PBXBuildFile; fileRef = C2F7079616066D51000764E4 /* faderOverlay.png */; };
		C2F7079F1606736A000764E4 /* abandon-hd.png in Resources */ = {isa = PBXBuildFile; fileRef = C2F7079D1606736A000764E4 /* abandon-hd.png */; };
		C2F707A01606736A000764E4 /* abandon.png in Resources */ = {isa = PBXBuildFile; fileRef = C2F7079E1606736A000764E4 /* abandon.png */; };
		DC193EB813B692D100500B56 /* GLES-Render.mm in Sources */ = {isa = PBXBuildFile; fileRef = DC193EB313B6872600500B56 /* GLES-Render.mm */; };
		DC193EBC13B6956F00500B56 /* ContactListener.mm in Sources */ = {isa = PBXBuildFile; fileRef = DC193EBB13B6956F00500B56 /* ContactListener.mm */; };
		DC26D6BE14B9E4D500B6002E /* fps_images-hd.png in Resources */ = {isa = PBXBuildFile; fileRef = DC26D6BD14B9E4D500B6002E /* fps_images-hd.png */; };
		DC2A3EC4149A30B400EF78B0 /* Box2DDebugLayer.mm in Sources */ = {isa = PBXBuildFile; fileRef = DC2A3EC3149A30B400EF78B0 /* Box2DDebugLayer.mm */; };
		DC65615C13A969B600A7AC53 /* libbox2d-ios.a in Frameworks */ = {isa = PBXBuildFile; fileRef = DC65615013A969B600A7AC53 /* libbox2d-ios.a */; };
		DC65615D13A969B600A7AC53 /* libchipmunk-ios.a in Frameworks */ = {isa = PBXBuildFile; fileRef = DC65615113A969B600A7AC53 /* libchipmunk-ios.a */; };
		DC65615E13A969B600A7AC53 /* libchipmunk-spacemanager-ios.a in Frameworks */ = {isa = PBXBuildFile; fileRef = DC65615213A969B600A7AC53 /* libchipmunk-spacemanager-ios.a */; };
		DC65616013A969B600A7AC53 /* libcocos2d-extensions-ios.a in Frameworks */ = {isa = PBXBuildFile; fileRef = DC65615413A969B600A7AC53 /* libcocos2d-extensions-ios.a */; };
		DC65616113A969B600A7AC53 /* libcocos2d-ios.a in Frameworks */ = {isa = PBXBuildFile; fileRef = DC65615513A969B600A7AC53 /* libcocos2d-ios.a */; };
		DC65616213A969B600A7AC53 /* libcocos3d-ios.a in Frameworks */ = {isa = PBXBuildFile; fileRef = DC65615613A969B600A7AC53 /* libcocos3d-ios.a */; };
		DC65616313A969B600A7AC53 /* libcocosdenshion-ios.a in Frameworks */ = {isa = PBXBuildFile; fileRef = DC65615713A969B600A7AC53 /* libcocosdenshion-ios.a */; };
		DC65616413A969B600A7AC53 /* libkobold2d-ios.a in Frameworks */ = {isa = PBXBuildFile; fileRef = DC65615813A969B600A7AC53 /* libkobold2d-ios.a */; };
		DC65616513A969B600A7AC53 /* libobjectal-ios.a in Frameworks */ = {isa = PBXBuildFile; fileRef = DC65615913A969B600A7AC53 /* libobjectal-ios.a */; };
		DC65616613A969B600A7AC53 /* libsneakyinput-ios.a in Frameworks */ = {isa = PBXBuildFile; fileRef = DC65615A13A969B600A7AC53 /* libsneakyinput-ios.a */; };
		DC65617D15114BC500E59F8A /* fps_images-ipadhd.png in Resources */ = {isa = PBXBuildFile; fileRef = DC65617C15114BC500E59F8A /* fps_images-ipadhd.png */; };
		DCC1A0FA13A94ED5005BD75D /* Default.png in Resources */ = {isa = PBXBuildFile; fileRef = DCC1A0F913A94ED5005BD75D /* Default.png */; };
		DCC1A0FC13A94ED5005BD75D /* fps_images.png in Resources */ = {isa = PBXBuildFile; fileRef = DCC1A0FB13A94ED5005BD75D /* fps_images.png */; };
		DCC1A0FE13A94ED5005BD75D /* Icon-72.png in Resources */ = {isa = PBXBuildFile; fileRef = DCC1A0FD13A94ED5005BD75D /* Icon-72.png */; };
		DCC1A10013A94ED5005BD75D /* Icon-Small-50.png in Resources */ = {isa = PBXBuildFile; fileRef = DCC1A0FF13A94ED5005BD75D /* Icon-Small-50.png */; };
		DCC1A10213A94ED5005BD75D /* Icon-Small.png in Resources */ = {isa = PBXBuildFile; fileRef = DCC1A10113A94ED5005BD75D /* Icon-Small.png */; };
		DCC1A10413A94ED5005BD75D /* Icon-Small@2x.png in Resources */ = {isa = PBXBuildFile; fileRef = DCC1A10313A94ED5005BD75D /* Icon-Small@2x.png */; };
		DCC1A10613A94ED5005BD75D /* Icon.png in Resources */ = {isa = PBXBuildFile; fileRef = DCC1A10513A94ED5005BD75D /* Icon.png */; };
		DCC1A10813A94ED5005BD75D /* Icon@2x.png in Resources */ = {isa = PBXBuildFile; fileRef = DCC1A10713A94ED5005BD75D /* Icon@2x.png */; };
		DCC1A10B13A94ED5005BD75D /* iTunesArtwork in Resources */ = {isa = PBXBuildFile; fileRef = DCC1A10A13A94ED5005BD75D /* iTunesArtwork */; };
		DCC1A3A913A94F1A005BD75D /* AppDelegate.mm in Sources */ = {isa = PBXBuildFile; fileRef = DCC1A38E13A94F1A005BD75D /* AppDelegate.mm */; };
		DCC1A3AB13A94F1A005BD75D /* PhysicsLayer.mm in Sources */ = {isa = PBXBuildFile; fileRef = DCC1A39013A94F1A005BD75D /* PhysicsLayer.mm */; };
		DCC1A3AD13A94F1A005BD75D /* main.m in Sources */ = {isa = PBXBuildFile; fileRef = DCC1A39113A94F1A005BD75D /* main.m */; };
		DCC1A3AF13A94F1A005BD75D /* config.lua in Resources */ = {isa = PBXBuildFile; fileRef = DCC1A39513A94F1A005BD75D /* config.lua */; };
/* End PBXBuildFile section */

/* Begin PBXFileReference section */
		C206D98616001D3400CAA726 /* TextOverlayLayer.h */ = {isa = PBXFileReference; fileEncoding = 4; lastKnownFileType = sourcecode.c.h; name = TextOverlayLayer.h; path = Projectfiles/TextOverlayLayer.h; sourceTree = "<group>"; };
		C206D98716001D3400CAA726 /* TextOverlayLayer.mm */ = {isa = PBXFileReference; fileEncoding = 4; lastKnownFileType = sourcecode.cpp.objcpp; name = TextOverlayLayer.mm; path = Projectfiles/TextOverlayLayer.mm; sourceTree = "<group>"; };
		C206D98C16001D7200CAA726 /* HoopyDrop.h */ = {isa = PBXFileReference; fileEncoding = 4; lastKnownFileType = sourcecode.c.h; path = HoopyDrop.h; sourceTree = "<group>"; };
		C206D98D16001D7200CAA726 /* GameManager.mm */ = {isa = PBXFileReference; fileEncoding = 4; lastKnownFileType = sourcecode.cpp.objcpp; path = GameManager.mm; sourceTree = "<group>"; };
		C233C5181605312F00622E77 /* HDTimer.mm */ = {isa = PBXFileReference; fileEncoding = 4; lastKnownFileType = sourcecode.cpp.objcpp; path = HDTimer.mm; sourceTree = "<group>"; };
		C233C51F1605653D00622E77 /* background-hd.png */ = {isa = PBXFileReference; lastKnownFileType = image.png; path = "background-hd.png"; sourceTree = "<group>"; };
		C233C5201605653D00622E77 /* background.png */ = {isa = PBXFileReference; lastKnownFileType = image.png; path = background.png; sourceTree = "<group>"; };
		C233C52416056A7E00622E77 /* BackgroundLayer.mm */ = {isa = PBXFileReference; fileEncoding = 4; lastKnownFileType = sourcecode.cpp.objcpp; path = BackgroundLayer.mm; sourceTree = "<group>"; };
		C233C52716056FB600622E77 /* HDGamePlayRootScene.mm */ = {isa = PBXFileReference; fileEncoding = 4; lastKnownFileType = sourcecode.cpp.objcpp; path = HDGamePlayRootScene.mm; sourceTree = "<group>"; };
		C246846F160C72D10063DAAD /* LeaderBoardLayer.mm */ = {isa = PBXFileReference; fileEncoding = 4; lastKnownFileType = sourcecode.cpp.objcpp; path = LeaderBoardLayer.mm; sourceTree = "<group>"; };
		C2468473160C76610063DAAD /* AboutLayer.mm */ = {isa = PBXFileReference; fileEncoding = 4; lastKnownFileType = sourcecode.cpp.objcpp; name = AboutLayer.mm; path = Projectfiles/AboutLayer.mm; sourceTree = "<group>"; };
		C24A84601607E42700F769D4 /* PDKeychainBindings.h */ = {isa = PBXFileReference; fileEncoding = 4; lastKnownFileType = sourcecode.c.h; name = PDKeychainBindings.h; path = Projectfiles/PDKeychainBindings.h; sourceTree = "<group>"; };
		C24A84611607E42700F769D4 /* PDKeychainBindings.m */ = {isa = PBXFileReference; fileEncoding = 4; lastKnownFileType = sourcecode.c.objc; name = PDKeychainBindings.m; path = Projectfiles/PDKeychainBindings.m; sourceTree = "<group>"; };
		C24A84631607E46200F769D4 /* PDKeychainBindingsController.h */ = {isa = PBXFileReference; fileEncoding = 4; lastKnownFileType = sourcecode.c.h; name = PDKeychainBindingsController.h; path = Projectfiles/PDKeychainBindingsController.h; sourceTree = "<group>"; };
		C24A84641607E46200F769D4 /* PDKeychainBindingsController.m */ = {isa = PBXFileReference; fileEncoding = 4; lastKnownFileType = sourcecode.c.objc; name = PDKeychainBindingsController.m; path = Projectfiles/PDKeychainBindingsController.m; sourceTree = "<group>"; };
		C24A84661607E51B00F769D4 /* Security.framework */ = {isa = PBXFileReference; lastKnownFileType = wrapper.framework; name = Security.framework; path = Platforms/iPhoneOS.platform/Developer/SDKs/iPhoneOS6.0.sdk/System/Library/Frameworks/Security.framework; sourceTree = DEVELOPER_DIR; };
		C24A846A16093DB200F769D4 /* HDOrbTimer.mm */ = {isa = PBXFileReference; fileEncoding = 4; lastKnownFileType = sourcecode.cpp.objcpp; path = HDOrbTimer.mm; sourceTree = "<group>"; };
		C24A846C160A687200F769D4 /* question_button-hd.png */ = {isa = PBXFileReference; lastKnownFileType = image.png; path = "question_button-hd.png"; sourceTree = "<group>"; };
		C24A846D160A687200F769D4 /* question_button.png */ = {isa = PBXFileReference; lastKnownFileType = image.png; path = question_button.png; sourceTree = "<group>"; };
		C24A8470160A6B0500F769D4 /* gear_button-hd.png */ = {isa = PBXFileReference; lastKnownFileType = image.png; path = "gear_button-hd.png"; sourceTree = "<group>"; };
		C24A8471160A6B0500F769D4 /* gear_button.png */ = {isa = PBXFileReference; lastKnownFileType = image.png; path = gear_button.png; sourceTree = "<group>"; };
		C26773C116001FBA008B2135 /* HDStartLayer.mm */ = {isa = PBXFileReference; fileEncoding = 4; lastKnownFileType = sourcecode.cpp.objcpp; name = HDStartLayer.mm; path = Projectfiles/HDStartLayer.mm; sourceTree = "<group>"; };
		C26773C416002E7E008B2135 /* goodball.png */ = {isa = PBXFileReference; lastKnownFileType = image.png; path = goodball.png; sourceTree = "<group>"; };
		C26773C516002E7E008B2135 /* goodball-hd.png */ = {isa = PBXFileReference; lastKnownFileType = image.png; path = "goodball-hd.png"; sourceTree = "<group>"; };
		C26773CC16004144008B2135 /* CollisionHandler.h */ = {isa = PBXFileReference; fileEncoding = 4; lastKnownFileType = sourcecode.c.h; path = CollisionHandler.h; sourceTree = "<group>"; };
		C26773CD16004144008B2135 /* CollisionHandler.mm */ = {isa = PBXFileReference; fileEncoding = 4; lastKnownFileType = sourcecode.cpp.objcpp; path = CollisionHandler.mm; sourceTree = "<group>"; };
		C26773D0160051A4008B2135 /* DeletableBody.mm */ = {isa = PBXFileReference; fileEncoding = 4; lastKnownFileType = sourcecode.cpp.objcpp; path = DeletableBody.mm; sourceTree = "<group>"; };
		C26773D216005729008B2135 /* hd-font.fnt */ = {isa = PBXFileReference; fileEncoding = 4; lastKnownFileType = text; path = "hd-font.fnt"; sourceTree = "<group>"; };
		C26773D316005729008B2135 /* hd-font.png */ = {isa = PBXFileReference; lastKnownFileType = image.png; path = "hd-font.png"; sourceTree = "<group>"; };
		C26773E01600FD1A008B2135 /* PauseLayer.mm */ = {isa = PBXFileReference; fileEncoding = 4; lastKnownFileType = sourcecode.cpp.objcpp; name = PauseLayer.mm; path = Projectfiles/PauseLayer.mm; sourceTree = "<group>"; };
		C26FF855160A82E400190FC7 /* gear_button_sel-hd.png */ = {isa = PBXFileReference; lastKnownFileType = image.png; path = "gear_button_sel-hd.png"; sourceTree = "<group>"; };
		C26FF856160A82E400190FC7 /* gear_button_sel.png */ = {isa = PBXFileReference; lastKnownFileType = image.png; path = gear_button_sel.png; sourceTree = "<group>"; };
		C26FF85A160A847B00190FC7 /* question_button_sel-hd.png */ = {isa = PBXFileReference; lastKnownFileType = image.png; path = "question_button_sel-hd.png"; sourceTree = "<group>"; };
		C26FF85B160A847B00190FC7 /* question_button_sel.png */ = {isa = PBXFileReference; lastKnownFileType = image.png; path = question_button_sel.png; sourceTree = "<group>"; };
		C26FF85E160A850500190FC7 /* leader_board_sel-hd.png */ = {isa = PBXFileReference; lastKnownFileType = image.png; path = "leader_board_sel-hd.png"; sourceTree = "<group>"; };
		C26FF85F160A850500190FC7 /* leader_board_sel.png */ = {isa = PBXFileReference; lastKnownFileType = image.png; path = leader_board_sel.png; sourceTree = "<group>"; };
		C26FF862160A850F00190FC7 /* credits_sel-hd.png */ = {isa = PBXFileReference; lastKnownFileType = image.png; path = "credits_sel-hd.png"; sourceTree = "<group>"; };
		C26FF863160A850F00190FC7 /* credits_sel.png */ = {isa = PBXFileReference; lastKnownFileType = image.png; path = credits_sel.png; sourceTree = "<group>"; };
		C26FF867160A854200190FC7 /* HelpLayer.mm */ = {isa = PBXFileReference; fileEncoding = 4; lastKnownFileType = sourcecode.cpp.objcpp; path = HelpLayer.mm; sourceTree = "<group>"; };
		C2AFF07D1602A0D100BD1BD1 /* yellow_thing-hd.plist */ = {isa = PBXFileReference; fileEncoding = 4; lastKnownFileType = text.plist.xml; path = "yellow_thing-hd.plist"; sourceTree = "<group>"; };
		C2AFF0801602D06000BD1BD1 /* yellow_thing.plist */ = {isa = PBXFileReference; fileEncoding = 4; lastKnownFileType = text.plist.xml; path = yellow_thing.plist; sourceTree = "<group>"; };
		C2AFF0811602D06000BD1BD1 /* yellow_thing.png */ = {isa = PBXFileReference; lastKnownFileType = image.png; path = yellow_thing.png; sourceTree = "<group>"; };
		C2AFF0861602DB3600BD1BD1 /* purple_thing.plist */ = {isa = PBXFileReference; fileEncoding = 4; lastKnownFileType = text.plist.xml; path = purple_thing.plist; sourceTree = "<group>"; };
		C2AFF08C1602E18000BD1BD1 /* green_thing-hd.plist */ = {isa = PBXFileReference; fileEncoding = 4; lastKnownFileType = text.plist.xml; path = "green_thing-hd.plist"; sourceTree = "<group>"; };
		C2AFF08D1602E18000BD1BD1 /* green_thing-hd.png */ = {isa = PBXFileReference; lastKnownFileType = image.png; path = "green_thing-hd.png"; sourceTree = "<group>"; };
		C2AFF08E1602E18000BD1BD1 /* green_thing.plist */ = {isa = PBXFileReference; fileEncoding = 4; lastKnownFileType = text.plist.xml; path = green_thing.plist; sourceTree = "<group>"; };
		C2AFF08F1602E18000BD1BD1 /* green_thing.png */ = {isa = PBXFileReference; lastKnownFileType = image.png; path = green_thing.png; sourceTree = "<group>"; };
		C2F5F761160A7B9F002B8EE9 /* credits-hd.png */ = {isa = PBXFileReference; lastKnownFileType = image.png; path = "credits-hd.png"; sourceTree = "<group>"; };
		C2F5F762160A7B9F002B8EE9 /* credits.png */ = {isa = PBXFileReference; lastKnownFileType = image.png; path = credits.png; sourceTree = "<group>"; };
		C2F5F766160A7C22002B8EE9 /* leader_board-hd.png */ = {isa = PBXFileReference; lastKnownFileType = image.png; path = "leader_board-hd.png"; sourceTree = "<group>"; };
		C2F5F767160A7C22002B8EE9 /* leader_board.png */ = {isa = PBXFileReference; lastKnownFileType = image.png; path = leader_board.png; sourceTree = "<group>"; };
		C2F5F76B160A7DB9002B8EE9 /* HDSettingsLayer.mm */ = {isa = PBXFileReference; fileEncoding = 4; lastKnownFileType = sourcecode.cpp.objcpp; name = HDSettingsLayer.mm; path = Projectfiles/HDSettingsLayer.mm; sourceTree = "<group>"; };
		C2F707861605924F000764E4 /* purple_thing-hd.plist */ = {isa = PBXFileReference; fileEncoding = 4; lastKnownFileType = text.plist.xml; path = "purple_thing-hd.plist"; sourceTree = "<group>"; };
		C2F707871605924F000764E4 /* purple_thing-hd.png */ = {isa = PBXFileReference; lastKnownFileType = image.png; path = "purple_thing-hd.png"; sourceTree = "<group>"; };
		C2F707881605924F000764E4 /* purple_thing.png */ = {isa = PBXFileReference; lastKnownFileType = image.png; path = purple_thing.png; sourceTree = "<group>"; };
		C2F70791160593D7000764E4 /* start-hd.png */ = {isa = PBXFileReference; lastKnownFileType = image.png; path = "start-hd.png"; sourceTree = "<group>"; };
		C2F70792160593D7000764E4 /* start.png */ = {isa = PBXFileReference; lastKnownFileType = image.png; path = start.png; sourceTree = "<group>"; };
		C2F7079516066D51000764E4 /* faderOverlay-hd.png */ = {isa = PBXFileReference; lastKnownFileType = image.png; path = "faderOverlay-hd.png"; sourceTree = "<group>"; };
		C2F7079616066D51000764E4 /* faderOverlay.png */ = {isa = PBXFileReference; lastKnownFileType = image.png; path = faderOverlay.png; sourceTree = "<group>"; };
		C2F7079D1606736A000764E4 /* abandon-hd.png */ = {isa = PBXFileReference; lastKnownFileType = image.png; path = "abandon-hd.png"; sourceTree = "<group>"; };
		C2F7079E1606736A000764E4 /* abandon.png */ = {isa = PBXFileReference; lastKnownFileType = image.png; path = abandon.png; sourceTree = "<group>"; };
		DC193EB213B6872600500B56 /* GLES-Render.h */ = {isa = PBXFileReference; fileEncoding = 4; lastKnownFileType = sourcecode.c.h; path = "GLES-Render.h"; sourceTree = "<group>"; };
		DC193EB313B6872600500B56 /* GLES-Render.mm */ = {isa = PBXFileReference; fileEncoding = 4; lastKnownFileType = sourcecode.cpp.objcpp; path = "GLES-Render.mm"; sourceTree = "<group>"; };
		DC193EBA13B6956F00500B56 /* ContactListener.h */ = {isa = PBXFileReference; fileEncoding = 4; lastKnownFileType = sourcecode.c.h; path = ContactListener.h; sourceTree = "<group>"; };
		DC193EBB13B6956F00500B56 /* ContactListener.mm */ = {isa = PBXFileReference; fileEncoding = 4; lastKnownFileType = sourcecode.cpp.objcpp; path = ContactListener.mm; sourceTree = "<group>"; };
		DC26D6BD14B9E4D500B6002E /* fps_images-hd.png */ = {isa = PBXFileReference; lastKnownFileType = image.png; name = "fps_images-hd.png"; path = "Resources/fps_images-hd.png"; sourceTree = "<group>"; };
		DC2A3EC2149A30B400EF78B0 /* Box2DDebugLayer.h */ = {isa = PBXFileReference; fileEncoding = 4; lastKnownFileType = sourcecode.c.h; path = Box2DDebugLayer.h; sourceTree = "<group>"; };
		DC2A3EC3149A30B400EF78B0 /* Box2DDebugLayer.mm */ = {isa = PBXFileReference; fileEncoding = 4; lastKnownFileType = sourcecode.cpp.objcpp; path = Box2DDebugLayer.mm; sourceTree = "<group>"; };
		DC3BE97813B4FB71003739CC /* BuildSettings-iOS.xcconfig */ = {isa = PBXFileReference; lastKnownFileType = text.xcconfig; path = "BuildSettings-iOS.xcconfig"; sourceTree = "<group>"; };
		DC65615013A969B600A7AC53 /* libbox2d-ios.a */ = {isa = PBXFileReference; explicitFileType = archive.ar; path = "libbox2d-ios.a"; sourceTree = BUILT_PRODUCTS_DIR; };
		DC65615113A969B600A7AC53 /* libchipmunk-ios.a */ = {isa = PBXFileReference; explicitFileType = archive.ar; path = "libchipmunk-ios.a"; sourceTree = BUILT_PRODUCTS_DIR; };
		DC65615213A969B600A7AC53 /* libchipmunk-spacemanager-ios.a */ = {isa = PBXFileReference; explicitFileType = archive.ar; path = "libchipmunk-spacemanager-ios.a"; sourceTree = BUILT_PRODUCTS_DIR; };
		DC65615413A969B600A7AC53 /* libcocos2d-extensions-ios.a */ = {isa = PBXFileReference; explicitFileType = archive.ar; path = "libcocos2d-extensions-ios.a"; sourceTree = BUILT_PRODUCTS_DIR; };
		DC65615513A969B600A7AC53 /* libcocos2d-ios.a */ = {isa = PBXFileReference; explicitFileType = archive.ar; path = "libcocos2d-ios.a"; sourceTree = BUILT_PRODUCTS_DIR; };
		DC65615613A969B600A7AC53 /* libcocos3d-ios.a */ = {isa = PBXFileReference; explicitFileType = archive.ar; path = "libcocos3d-ios.a"; sourceTree = BUILT_PRODUCTS_DIR; };
		DC65615713A969B600A7AC53 /* libcocosdenshion-ios.a */ = {isa = PBXFileReference; explicitFileType = archive.ar; path = "libcocosdenshion-ios.a"; sourceTree = BUILT_PRODUCTS_DIR; };
		DC65615813A969B600A7AC53 /* libkobold2d-ios.a */ = {isa = PBXFileReference; explicitFileType = archive.ar; path = "libkobold2d-ios.a"; sourceTree = BUILT_PRODUCTS_DIR; };
		DC65615913A969B600A7AC53 /* libobjectal-ios.a */ = {isa = PBXFileReference; explicitFileType = archive.ar; path = "libobjectal-ios.a"; sourceTree = BUILT_PRODUCTS_DIR; };
		DC65615A13A969B600A7AC53 /* libsneakyinput-ios.a */ = {isa = PBXFileReference; explicitFileType = archive.ar; path = "libsneakyinput-ios.a"; sourceTree = BUILT_PRODUCTS_DIR; };
		DC65617C15114BC500E59F8A /* fps_images-ipadhd.png */ = {isa = PBXFileReference; lastKnownFileType = image.png; name = "fps_images-ipadhd.png"; path = "Resources/fps_images-ipadhd.png"; sourceTree = "<group>"; };
		DC9C33E713B5024400931BF2 /* BuildSettings-Debug-Mac.xcconfig */ = {isa = PBXFileReference; lastKnownFileType = text.xcconfig; path = "BuildSettings-Debug-Mac.xcconfig"; sourceTree = "<group>"; };
		DC9C33E813B5024400931BF2 /* BuildSettings-Mac.xcconfig */ = {isa = PBXFileReference; lastKnownFileType = text.xcconfig; path = "BuildSettings-Mac.xcconfig"; sourceTree = "<group>"; };
		DC9C33E913B5024400931BF2 /* BuildSettings-Release-Mac.xcconfig */ = {isa = PBXFileReference; lastKnownFileType = text.xcconfig; path = "BuildSettings-Release-Mac.xcconfig"; sourceTree = "<group>"; };
		DCC1A0E313A94ED5005BD75D /* HoopyDrop.app */ = {isa = PBXFileReference; explicitFileType = wrapper.application; includeInIndex = 0; path = HoopyDrop.app; sourceTree = BUILT_PRODUCTS_DIR; };
		DCC1A0F913A94ED5005BD75D /* Default.png */ = {isa = PBXFileReference; lastKnownFileType = image.png; name = Default.png; path = Resources/Default.png; sourceTree = "<group>"; };
		DCC1A0FB13A94ED5005BD75D /* fps_images.png */ = {isa = PBXFileReference; lastKnownFileType = image.png; name = fps_images.png; path = Resources/fps_images.png; sourceTree = "<group>"; };
		DCC1A0FD13A94ED5005BD75D /* Icon-72.png */ = {isa = PBXFileReference; lastKnownFileType = image.png; name = "Icon-72.png"; path = "Resources/Icon-72.png"; sourceTree = "<group>"; };
		DCC1A0FF13A94ED5005BD75D /* Icon-Small-50.png */ = {isa = PBXFileReference; lastKnownFileType = image.png; name = "Icon-Small-50.png"; path = "Resources/Icon-Small-50.png"; sourceTree = "<group>"; };
		DCC1A10113A94ED5005BD75D /* Icon-Small.png */ = {isa = PBXFileReference; lastKnownFileType = image.png; name = "Icon-Small.png"; path = "Resources/Icon-Small.png"; sourceTree = "<group>"; };
		DCC1A10313A94ED5005BD75D /* Icon-Small@2x.png */ = {isa = PBXFileReference; lastKnownFileType = image.png; name = "Icon-Small@2x.png"; path = "Resources/Icon-Small@2x.png"; sourceTree = "<group>"; };
		DCC1A10513A94ED5005BD75D /* Icon.png */ = {isa = PBXFileReference; lastKnownFileType = image.png; name = Icon.png; path = Resources/Icon.png; sourceTree = "<group>"; };
		DCC1A10713A94ED5005BD75D /* Icon@2x.png */ = {isa = PBXFileReference; lastKnownFileType = image.png; name = "Icon@2x.png"; path = "Resources/Icon@2x.png"; sourceTree = "<group>"; };
		DCC1A10913A94ED5005BD75D /* Info.plist */ = {isa = PBXFileReference; lastKnownFileType = text.plist.xml; name = Info.plist; path = Resources/Info.plist; sourceTree = "<group>"; };
		DCC1A10A13A94ED5005BD75D /* iTunesArtwork */ = {isa = PBXFileReference; lastKnownFileType = file; name = iTunesArtwork; path = Resources/iTunesArtwork; sourceTree = "<group>"; };
		DCC1A26813A94EE6005BD75D /* English */ = {isa = PBXFileReference; lastKnownFileType = text.plist.strings; name = English; path = Resources/English.lproj/InfoPlist.strings; sourceTree = "<group>"; };
		DCC1A26B13A94EE6005BD75D /* English */ = {isa = PBXFileReference; lastKnownFileType = file.xib; name = English; path = Resources/English.lproj/MainMenu.xib; sourceTree = "<group>"; };
		DCC1A26D13A94EE6005BD75D /* fps_images.png */ = {isa = PBXFileReference; lastKnownFileType = image.png; name = fps_images.png; path = Resources/fps_images.png; sourceTree = "<group>"; };
		DCC1A26F13A94EE6005BD75D /* icon.icns */ = {isa = PBXFileReference; lastKnownFileType = image.icns; name = icon.icns; path = Resources/icon.icns; sourceTree = "<group>"; };
		DCC1A27113A94EE6005BD75D /* Info.plist */ = {isa = PBXFileReference; lastKnownFileType = text.plist.xml; name = Info.plist; path = Resources/Info.plist; sourceTree = "<group>"; };
		DCC1A38D13A94F1A005BD75D /* AppDelegate.h */ = {isa = PBXFileReference; fileEncoding = 4; lastKnownFileType = sourcecode.c.h; path = AppDelegate.h; sourceTree = "<group>"; };
		DCC1A38E13A94F1A005BD75D /* AppDelegate.mm */ = {isa = PBXFileReference; fileEncoding = 4; lastKnownFileType = sourcecode.cpp.objcpp; path = AppDelegate.mm; sourceTree = "<group>"; };
		DCC1A38F13A94F1A005BD75D /* PhysicsLayer.h */ = {isa = PBXFileReference; fileEncoding = 4; lastKnownFileType = sourcecode.c.h; path = PhysicsLayer.h; sourceTree = "<group>"; };
		DCC1A39013A94F1A005BD75D /* PhysicsLayer.mm */ = {isa = PBXFileReference; fileEncoding = 4; lastKnownFileType = sourcecode.cpp.objcpp; path = PhysicsLayer.mm; sourceTree = "<group>"; };
		DCC1A39113A94F1A005BD75D /* main.m */ = {isa = PBXFileReference; fileEncoding = 4; lastKnownFileType = sourcecode.c.objc; path = main.m; sourceTree = "<group>"; };
		DCC1A39213A94F1A005BD75D /* Prefix-iOS.pch */ = {isa = PBXFileReference; fileEncoding = 4; lastKnownFileType = sourcecode.c.h; path = "Prefix-iOS.pch"; sourceTree = "<group>"; };
		DCC1A39313A94F1A005BD75D /* Prefix-Mac.pch */ = {isa = PBXFileReference; fileEncoding = 4; lastKnownFileType = sourcecode.c.h; path = "Prefix-Mac.pch"; sourceTree = "<group>"; };
		DCC1A39513A94F1A005BD75D /* config.lua */ = {isa = PBXFileReference; explicitFileType = sourcecode.applescript; fileEncoding = 4; path = config.lua; sourceTree = "<group>"; };
		DCFA90EF13B4F6F7009DD35A /* BuildSettings-Debug-iOS.xcconfig */ = {isa = PBXFileReference; lastKnownFileType = text.xcconfig; path = "BuildSettings-Debug-iOS.xcconfig"; sourceTree = "<group>"; };
		DCFA90F013B4F811009DD35A /* BuildSettings-Release-iOS.xcconfig */ = {isa = PBXFileReference; lastKnownFileType = text.xcconfig; path = "BuildSettings-Release-iOS.xcconfig"; sourceTree = "<group>"; };
/* End PBXFileReference section */

/* Begin PBXFrameworksBuildPhase section */
		DCC1A0E013A94ED5005BD75D /* Frameworks */ = {
			isa = PBXFrameworksBuildPhase;
			buildActionMask = 2147483647;
			files = (
				C24A84671607E51B00F769D4 /* Security.framework in Frameworks */,
				DC65615C13A969B600A7AC53 /* libbox2d-ios.a in Frameworks */,
				DC65615D13A969B600A7AC53 /* libchipmunk-ios.a in Frameworks */,
				DC65615E13A969B600A7AC53 /* libchipmunk-spacemanager-ios.a in Frameworks */,
				DC65616013A969B600A7AC53 /* libcocos2d-extensions-ios.a in Frameworks */,
				DC65616113A969B600A7AC53 /* libcocos2d-ios.a in Frameworks */,
				DC65616213A969B600A7AC53 /* libcocos3d-ios.a in Frameworks */,
				DC65616313A969B600A7AC53 /* libcocosdenshion-ios.a in Frameworks */,
				DC65616413A969B600A7AC53 /* libkobold2d-ios.a in Frameworks */,
				DC65616513A969B600A7AC53 /* libobjectal-ios.a in Frameworks */,
				DC65616613A969B600A7AC53 /* libsneakyinput-ios.a in Frameworks */,
			);
			runOnlyForDeploymentPostprocessing = 0;
		};
/* End PBXFrameworksBuildPhase section */

/* Begin PBXGroup section */
		C206D98516001CFF00CAA726 /* DisplayLayers */ = {
			isa = PBXGroup;
			children = (
				C26773E01600FD1A008B2135 /* PauseLayer.mm */,
				C26773C116001FBA008B2135 /* HDStartLayer.mm */,
				C206D98616001D3400CAA726 /* TextOverlayLayer.h */,
				C206D98716001D3400CAA726 /* TextOverlayLayer.mm */,
				C233C52416056A7E00622E77 /* BackgroundLayer.mm */,
				C233C52716056FB600622E77 /* HDGamePlayRootScene.mm */,
				C2F5F76B160A7DB9002B8EE9 /* HDSettingsLayer.mm */,
				C26FF867160A854200190FC7 /* HelpLayer.mm */,
				C246846F160C72D10063DAAD /* LeaderBoardLayer.mm */,
				C2468473160C76610063DAAD /* AboutLayer.mm */,
			);
			name = DisplayLayers;
			sourceTree = "<group>";
		};
		C24A84581607E3A400F769D4 /* Keychain */ = {
			isa = PBXGroup;
			children = (
				C24A84601607E42700F769D4 /* PDKeychainBindings.h */,
				C24A84611607E42700F769D4 /* PDKeychainBindings.m */,
				C24A84631607E46200F769D4 /* PDKeychainBindingsController.h */,
				C24A84641607E46200F769D4 /* PDKeychainBindingsController.m */,
			);
			name = Keychain;
			sourceTree = "<group>";
		};
		DCC1A0D613A94EC0005BD75D = {
			isa = PBXGroup;
			children = (
				C24A84581607E3A400F769D4 /* Keychain */,
				C206D98516001CFF00CAA726 /* DisplayLayers */,
				DCC1A38C13A94F1A005BD75D /* Projectfiles */,
				DCC1A0F713A94ED5005BD75D /* Projectfiles-iOS */,
				DCC1A26413A94EE6005BD75D /* Projectfiles-Mac */,
				DCFA90ED13B4F6A0009DD35A /* BuildSettings */,
				DCC1A0E613A94ED5005BD75D /* Frameworks */,
				DCC1A0E413A94ED5005BD75D /* Products */,
			);
			sourceTree = "<group>";
		};
		DCC1A0E413A94ED5005BD75D /* Products */ = {
			isa = PBXGroup;
			children = (
				DCC1A0E313A94ED5005BD75D /* HoopyDrop.app */,
			);
			name = Products;
			sourceTree = "<group>";
		};
		DCC1A0E613A94ED5005BD75D /* Frameworks */ = {
			isa = PBXGroup;
			children = (
				C24A84661607E51B00F769D4 /* Security.framework */,
			);
			name = Frameworks;
			sourceTree = "<group>";
		};
		DCC1A0F713A94ED5005BD75D /* Projectfiles-iOS */ = {
			isa = PBXGroup;
			children = (
				DCC1A0F813A94ED5005BD75D /* Resources */,
			);
			path = "Projectfiles-iOS";
			sourceTree = "<group>";
		};
		DCC1A0F813A94ED5005BD75D /* Resources */ = {
			isa = PBXGroup;
			children = (
				DCC1A0F913A94ED5005BD75D /* Default.png */,
				DCC1A0FB13A94ED5005BD75D /* fps_images.png */,
				DC26D6BD14B9E4D500B6002E /* fps_images-hd.png */,
				DC65617C15114BC500E59F8A /* fps_images-ipadhd.png */,
				DCC1A0FD13A94ED5005BD75D /* Icon-72.png */,
				DCC1A0FF13A94ED5005BD75D /* Icon-Small-50.png */,
				DCC1A10113A94ED5005BD75D /* Icon-Small.png */,
				DCC1A10313A94ED5005BD75D /* Icon-Small@2x.png */,
				DCC1A10513A94ED5005BD75D /* Icon.png */,
				DCC1A10713A94ED5005BD75D /* Icon@2x.png */,
				DCC1A10913A94ED5005BD75D /* Info.plist */,
				DCC1A10A13A94ED5005BD75D /* iTunesArtwork */,
			);
			name = Resources;
			sourceTree = "<group>";
		};
		DCC1A26413A94EE6005BD75D /* Projectfiles-Mac */ = {
			isa = PBXGroup;
			children = (
				DCC1A26513A94EE6005BD75D /* Resources */,
			);
			path = "Projectfiles-Mac";
			sourceTree = "<group>";
		};
		DCC1A26513A94EE6005BD75D /* Resources */ = {
			isa = PBXGroup;
			children = (
				DCC1A26D13A94EE6005BD75D /* fps_images.png */,
				DCC1A26F13A94EE6005BD75D /* icon.icns */,
				DCC1A27113A94EE6005BD75D /* Info.plist */,
				DCC1A26613A94EE6005BD75D /* English.lproj */,
			);
			name = Resources;
			sourceTree = "<group>";
		};
		DCC1A26613A94EE6005BD75D /* English.lproj */ = {
			isa = PBXGroup;
			children = (
				DCC1A26713A94EE6005BD75D /* InfoPlist.strings */,
				DCC1A26A13A94EE6005BD75D /* MainMenu.xib */,
			);
			name = English.lproj;
			sourceTree = "<group>";
		};
		DCC1A38C13A94F1A005BD75D /* Projectfiles */ = {
			isa = PBXGroup;
			children = (
				DC2A3EC2149A30B400EF78B0 /* Box2DDebugLayer.h */,
				DC2A3EC3149A30B400EF78B0 /* Box2DDebugLayer.mm */,
				DCC1A38F13A94F1A005BD75D /* PhysicsLayer.h */,
				DCC1A39013A94F1A005BD75D /* PhysicsLayer.mm */,
				DC193EBA13B6956F00500B56 /* ContactListener.h */,
				DC193EBB13B6956F00500B56 /* ContactListener.mm */,
				DC193EB213B6872600500B56 /* GLES-Render.h */,
				DC193EB313B6872600500B56 /* GLES-Render.mm */,
				DCC1A38D13A94F1A005BD75D /* AppDelegate.h */,
				DCC1A38E13A94F1A005BD75D /* AppDelegate.mm */,
				DCC1A39413A94F1A005BD75D /* Resources */,
				DCC1A3CF13A94F2C005BD75D /* Supporting Files */,
				C206D98C16001D7200CAA726 /* HoopyDrop.h */,
				C206D98D16001D7200CAA726 /* GameManager.mm */,
				C26773CC16004144008B2135 /* CollisionHandler.h */,
				C26773CD16004144008B2135 /* CollisionHandler.mm */,
				C26773D0160051A4008B2135 /* DeletableBody.mm */,
				C233C5181605312F00622E77 /* HDTimer.mm */,
				C24A846A16093DB200F769D4 /* HDOrbTimer.mm */,
			);
			path = Projectfiles;
			sourceTree = "<group>";
		};
		DCC1A39413A94F1A005BD75D /* Resources */ = {
			isa = PBXGroup;
			children = (
				C2F5F761160A7B9F002B8EE9 /* credits-hd.png */,
				C2F5F762160A7B9F002B8EE9 /* credits.png */,
				C26FF862160A850F00190FC7 /* credits_sel-hd.png */,
				C26FF863160A850F00190FC7 /* credits_sel.png */,
				C2F5F766160A7C22002B8EE9 /* leader_board-hd.png */,
				C2F5F767160A7C22002B8EE9 /* leader_board.png */,
				C26FF85E160A850500190FC7 /* leader_board_sel-hd.png */,
				C26FF85F160A850500190FC7 /* leader_board_sel.png */,
				C24A8470160A6B0500F769D4 /* gear_button-hd.png */,
				C24A8471160A6B0500F769D4 /* gear_button.png */,
				C26FF855160A82E400190FC7 /* gear_button_sel-hd.png */,
				C26FF856160A82E400190FC7 /* gear_button_sel.png */,
				C24A846C160A687200F769D4 /* question_button-hd.png */,
				C24A846D160A687200F769D4 /* question_button.png */,
				C26FF85A160A847B00190FC7 /* question_button_sel-hd.png */,
				C26FF85B160A847B00190FC7 /* question_button_sel.png */,
				C2F7079D1606736A000764E4 /* abandon-hd.png */,
				C2F7079E1606736A000764E4 /* abandon.png */,
				C2F7079516066D51000764E4 /* faderOverlay-hd.png */,
				C2F7079616066D51000764E4 /* faderOverlay.png */,
				C2AFF08C1602E18000BD1BD1 /* green_thing-hd.plist */,
				C233C51F1605653D00622E77 /* background-hd.png */,
				C233C5201605653D00622E77 /* background.png */,
				C2AFF08D1602E18000BD1BD1 /* green_thing-hd.png */,
				C2AFF08E1602E18000BD1BD1 /* green_thing.plist */,
				C2AFF08F1602E18000BD1BD1 /* green_thing.png */,
				C2AFF0861602DB3600BD1BD1 /* purple_thing.plist */,
				C2AFF0801602D06000BD1BD1 /* yellow_thing.plist */,
				C2F707861605924F000764E4 /* purple_thing-hd.plist */,
				C2F707871605924F000764E4 /* purple_thing-hd.png */,
				C2F707881605924F000764E4 /* purple_thing.png */,
				C2AFF0811602D06000BD1BD1 /* yellow_thing.png */,
				C2AFF07D1602A0D100BD1BD1 /* yellow_thing-hd.plist */,
				C26773D216005729008B2135 /* hd-font.fnt */,
				C26773D316005729008B2135 /* hd-font.png */,
				C26773C416002E7E008B2135 /* goodball.png */,
				C26773C516002E7E008B2135 /* goodball-hd.png */,
				C2F70791160593D7000764E4 /* start-hd.png */,
				C2F70792160593D7000764E4 /* start.png */,
				DCC1A39513A94F1A005BD75D /* config.lua */,
			);
			path = Resources;
			sourceTree = "<group>";
		};
		DCC1A3CF13A94F2C005BD75D /* Supporting Files */ = {
			isa = PBXGroup;
			children = (
				DCC1A39113A94F1A005BD75D /* main.m */,
				DCC1A39213A94F1A005BD75D /* Prefix-iOS.pch */,
				DCC1A39313A94F1A005BD75D /* Prefix-Mac.pch */,
			);
			name = "Supporting Files";
			sourceTree = "<group>";
		};
		DCFA90ED13B4F6A0009DD35A /* BuildSettings */ = {
			isa = PBXGroup;
			children = (
				DCFA90EF13B4F6F7009DD35A /* BuildSettings-Debug-iOS.xcconfig */,
				DCFA90F013B4F811009DD35A /* BuildSettings-Release-iOS.xcconfig */,
				DC3BE97813B4FB71003739CC /* BuildSettings-iOS.xcconfig */,
				DC9C33E713B5024400931BF2 /* BuildSettings-Debug-Mac.xcconfig */,
				DC9C33E913B5024400931BF2 /* BuildSettings-Release-Mac.xcconfig */,
				DC9C33E813B5024400931BF2 /* BuildSettings-Mac.xcconfig */,
			);
			path = BuildSettings;
			sourceTree = "<group>";
		};
/* End PBXGroup section */

/* Begin PBXNativeTarget section */
		DCC1A0E213A94ED5005BD75D /* HoopyDrop */ = {
			isa = PBXNativeTarget;
			buildConfigurationList = DCC1A25313A94ED7005BD75D /* Build configuration list for PBXNativeTarget "HoopyDrop" */;
			buildPhases = (
				DCC1A0DF13A94ED5005BD75D /* Sources */,
				DCC1A0E013A94ED5005BD75D /* Frameworks */,
				DCC1A0E113A94ED5005BD75D /* Resources */,
			);
			buildRules = (
			);
			dependencies = (
			);
			name = HoopyDrop;
			productName = "Hello-World-iOS";
			productReference = DCC1A0E313A94ED5005BD75D /* HoopyDrop.app */;
			productType = "com.apple.product-type.application";
		};
/* End PBXNativeTarget section */

/* Begin PBXProject section */
		DCC1A0D813A94EC0005BD75D /* Project object */ = {
			isa = PBXProject;
			attributes = {
				LastUpgradeCheck = 0450;
			};
			buildConfigurationList = DCC1A0DB13A94EC0005BD75D /* Build configuration list for PBXProject "HoopyDrop" */;
			compatibilityVersion = "Xcode 3.2";
			developmentRegion = English;
			hasScannedForEncodings = 0;
			knownRegions = (
				en,
				English,
			);
			mainGroup = DCC1A0D613A94EC0005BD75D;
			productRefGroup = DCC1A0E413A94ED5005BD75D /* Products */;
			projectDirPath = "";
			projectRoot = "";
			targets = (
				DCC1A0E213A94ED5005BD75D /* HoopyDrop */,
			);
		};
/* End PBXProject section */

/* Begin PBXResourcesBuildPhase section */
		DCC1A0E113A94ED5005BD75D /* Resources */ = {
			isa = PBXResourcesBuildPhase;
			buildActionMask = 2147483647;
			files = (
				DCC1A0FA13A94ED5005BD75D /* Default.png in Resources */,
				DCC1A0FC13A94ED5005BD75D /* fps_images.png in Resources */,
				DCC1A0FE13A94ED5005BD75D /* Icon-72.png in Resources */,
				DCC1A10013A94ED5005BD75D /* Icon-Small-50.png in Resources */,
				DCC1A10213A94ED5005BD75D /* Icon-Small.png in Resources */,
				DCC1A10413A94ED5005BD75D /* Icon-Small@2x.png in Resources */,
				DCC1A10613A94ED5005BD75D /* Icon.png in Resources */,
				DCC1A10813A94ED5005BD75D /* Icon@2x.png in Resources */,
				DCC1A10B13A94ED5005BD75D /* iTunesArtwork in Resources */,
				DCC1A3AF13A94F1A005BD75D /* config.lua in Resources */,
				DC26D6BE14B9E4D500B6002E /* fps_images-hd.png in Resources */,
				DC65617D15114BC500E59F8A /* fps_images-ipadhd.png in Resources */,
				C26773C616002E7E008B2135 /* goodball.png in Resources */,
				C26773C716002E7E008B2135 /* goodball-hd.png in Resources */,
				C26773D416005729008B2135 /* hd-font.fnt in Resources */,
				C26773D516005729008B2135 /* hd-font.png in Resources */,
				C2AFF07F1602A0D100BD1BD1 /* yellow_thing-hd.plist in Resources */,
				C2AFF0821602D06000BD1BD1 /* yellow_thing.plist in Resources */,
				C2AFF0831602D06000BD1BD1 /* yellow_thing.png in Resources */,
				C2AFF08A1602DB3600BD1BD1 /* purple_thing.plist in Resources */,
				C2AFF0901602E18000BD1BD1 /* green_thing-hd.plist in Resources */,
				C2AFF0911602E18000BD1BD1 /* green_thing-hd.png in Resources */,
				C2AFF0921602E18000BD1BD1 /* green_thing.plist in Resources */,
				C2AFF0931602E18000BD1BD1 /* green_thing.png in Resources */,
				C233C5211605653D00622E77 /* background-hd.png in Resources */,
				C233C5221605653D00622E77 /* background.png in Resources */,
				C2F707891605924F000764E4 /* purple_thing-hd.plist in Resources */,
				C2F7078A1605924F000764E4 /* purple_thing-hd.png in Resources */,
				C2F7078B1605924F000764E4 /* purple_thing.png in Resources */,
				C2F70793160593D7000764E4 /* start-hd.png in Resources */,
				C2F70794160593D7000764E4 /* start.png in Resources */,
				C2F7079716066D51000764E4 /* faderOverlay-hd.png in Resources */,
				C2F7079816066D51000764E4 /* faderOverlay.png in Resources */,
				C2F7079F1606736A000764E4 /* abandon-hd.png in Resources */,
				C2F707A01606736A000764E4 /* abandon.png in Resources */,
				C24A846E160A687200F769D4 /* question_button-hd.png in Resources */,
				C24A846F160A687200F769D4 /* question_button.png in Resources */,
				C24A8472160A6B0500F769D4 /* gear_button-hd.png in Resources */,
				C24A8473160A6B0500F769D4 /* gear_button.png in Resources */,
				C2F5F763160A7B9F002B8EE9 /* credits-hd.png in Resources */,
				C2F5F764160A7B9F002B8EE9 /* credits.png in Resources */,
				C2F5F768160A7C22002B8EE9 /* leader_board-hd.png in Resources */,
				C2F5F769160A7C22002B8EE9 /* leader_board.png in Resources */,
				C26FF857160A82E400190FC7 /* gear_button_sel-hd.png in Resources */,
				C26FF858160A82E400190FC7 /* gear_button_sel.png in Resources */,
				C26FF85C160A847B00190FC7 /* question_button_sel-hd.png in Resources */,
				C26FF85D160A847B00190FC7 /* question_button_sel.png in Resources */,
				C26FF860160A850500190FC7 /* leader_board_sel-hd.png in Resources */,
				C26FF861160A850500190FC7 /* leader_board_sel.png in Resources */,
				C26FF864160A850F00190FC7 /* credits_sel-hd.png in Resources */,
				C26FF865160A850F00190FC7 /* credits_sel.png in Resources */,
			);
			runOnlyForDeploymentPostprocessing = 0;
		};
/* End PBXResourcesBuildPhase section */

/* Begin PBXSourcesBuildPhase section */
		DCC1A0DF13A94ED5005BD75D /* Sources */ = {
			isa = PBXSourcesBuildPhase;
			buildActionMask = 2147483647;
			files = (
				DCC1A3A913A94F1A005BD75D /* AppDelegate.mm in Sources */,
				DCC1A3AB13A94F1A005BD75D /* PhysicsLayer.mm in Sources */,
				DCC1A3AD13A94F1A005BD75D /* main.m in Sources */,
				DC193EB813B692D100500B56 /* GLES-Render.mm in Sources */,
				DC193EBC13B6956F00500B56 /* ContactListener.mm in Sources */,
				DC2A3EC4149A30B400EF78B0 /* Box2DDebugLayer.mm in Sources */,
				C206D98816001D3400CAA726 /* TextOverlayLayer.mm in Sources */,
				C206D98E16001D7200CAA726 /* GameManager.mm in Sources */,
				C26773C216001FBA008B2135 /* HDStartLayer.mm in Sources */,
				C26773CE16004144008B2135 /* CollisionHandler.mm in Sources */,
				C26773D1160051A4008B2135 /* DeletableBody.mm in Sources */,
				C26773E11600FD1B008B2135 /* PauseLayer.mm in Sources */,
				C233C5191605312F00622E77 /* HDTimer.mm in Sources */,
				C233C52516056A7E00622E77 /* BackgroundLayer.mm in Sources */,
				C233C52816056FB600622E77 /* HDGamePlayRootScene.mm in Sources */,
				C24A84621607E42700F769D4 /* PDKeychainBindings.m in Sources */,
				C24A84651607E46200F769D4 /* PDKeychainBindingsController.m in Sources */,
				C24A846B16093DB200F769D4 /* HDOrbTimer.mm in Sources */,
				C2F5F76C160A7DB9002B8EE9 /* HDSettingsLayer.mm in Sources */,
				C26FF868160A854200190FC7 /* HelpLayer.mm in Sources */,
				C2468470160C72D10063DAAD /* LeaderBoardLayer.mm in Sources */,
				C2468474160C76610063DAAD /* AboutLayer.mm in Sources */,
			);
			runOnlyForDeploymentPostprocessing = 0;
		};
/* End PBXSourcesBuildPhase section */

/* Begin PBXVariantGroup section */
		DCC1A26713A94EE6005BD75D /* InfoPlist.strings */ = {
			isa = PBXVariantGroup;
			children = (
				DCC1A26813A94EE6005BD75D /* English */,
			);
			name = InfoPlist.strings;
			sourceTree = "<group>";
		};
		DCC1A26A13A94EE6005BD75D /* MainMenu.xib */ = {
			isa = PBXVariantGroup;
			children = (
				DCC1A26B13A94EE6005BD75D /* English */,
			);
			name = MainMenu.xib;
			sourceTree = "<group>";
		};
/* End PBXVariantGroup section */

/* Begin XCBuildConfiguration section */
		DCC1A0DD13A94EC0005BD75D /* Debug */ = {
			isa = XCBuildConfiguration;
			buildSettings = {
				IPHONEOS_DEPLOYMENT_TARGET = 5.0;
			};
			name = Debug;
		};
		DCC1A0DE13A94EC0005BD75D /* Release */ = {
			isa = XCBuildConfiguration;
			buildSettings = {
				IPHONEOS_DEPLOYMENT_TARGET = 5.0;
			};
			name = Release;
		};
		DCC1A25413A94ED7005BD75D /* Debug */ = {
			isa = XCBuildConfiguration;
			baseConfigurationReference = DCFA90EF13B4F6F7009DD35A /* BuildSettings-Debug-iOS.xcconfig */;
			buildSettings = {
				IPHONEOS_DEPLOYMENT_TARGET = 5.0;
				LIBRARY_SEARCH_PATHS = (
					"$(inherited)",
					"\"$(SRCROOT)/../__Kobold2D__/libs/GoogleAdMobAdsSDK\"",
				);
				PRODUCT_NAME = "$(TARGET_NAME)";
				TARGETED_DEVICE_FAMILY = 1;
			};
			name = Debug;
		};
		DCC1A25513A94ED7005BD75D /* Release */ = {
			isa = XCBuildConfiguration;
			baseConfigurationReference = DCFA90F013B4F811009DD35A /* BuildSettings-Release-iOS.xcconfig */;
			buildSettings = {
				IPHONEOS_DEPLOYMENT_TARGET = 5.0;
				LIBRARY_SEARCH_PATHS = (
					"$(inherited)",
					"\"$(SRCROOT)/../__Kobold2D__/libs/GoogleAdMobAdsSDK\"",
				);
				PRODUCT_NAME = "$(TARGET_NAME)";
				TARGETED_DEVICE_FAMILY = 1;
			};
			name = Release;
		};
/* End XCBuildConfiguration section */

/* Begin XCConfigurationList section */
		DCC1A0DB13A94EC0005BD75D /* Build configuration list for PBXProject "HoopyDrop" */ = {
			isa = XCConfigurationList;
			buildConfigurations = (
				DCC1A0DD13A94EC0005BD75D /* Debug */,
				DCC1A0DE13A94EC0005BD75D /* Release */,
			);
			defaultConfigurationIsVisible = 0;
			defaultConfigurationName = Release;
		};
		DCC1A25313A94ED7005BD75D /* Build configuration list for PBXNativeTarget "HoopyDrop" */ = {
			isa = XCConfigurationList;
			buildConfigurations = (
				DCC1A25413A94ED7005BD75D /* Debug */,
				DCC1A25513A94ED7005BD75D /* Release */,
			);
			defaultConfigurationIsVisible = 0;
			defaultConfigurationName = Release;
		};
/* End XCConfigurationList section */
	};
	rootObject = DCC1A0D813A94EC0005BD75D /* Project object */;
}
