// !$*UTF8*$!
{
	archiveVersion = 1;
	classes = {
	};
	objectVersion = 46;
	objects = {

/* Begin PBXBuildFile section */
		C200D34B162CF43500B46110 /* score_wall-hd.png in Resources */ = {isa = PBXBuildFile; fileRef = C200D349162CF43500B46110 /* score_wall-hd.png */; };
		C200D34C162CF43500B46110 /* score_wall.png in Resources */ = {isa = PBXBuildFile; fileRef = C200D34A162CF43500B46110 /* score_wall.png */; };
		C204587316251B13007E6D0C /* HDPersistantData.mm in Sources */ = {isa = PBXBuildFile; fileRef = C204587216251B13007E6D0C /* HDPersistantData.mm */; };
		C205A12C160E4F7200A4209C /* button-back-hd.png in Resources */ = {isa = PBXBuildFile; fileRef = C205A12A160E4F7200A4209C /* button-back-hd.png */; };
		C205A12D160E4F7200A4209C /* button-back.png in Resources */ = {isa = PBXBuildFile; fileRef = C205A12B160E4F7200A4209C /* button-back.png */; };
		C206BB491617A24D0046C4DE /* hoopy.plist in Resources */ = {isa = PBXBuildFile; fileRef = C206BB471617A24D0046C4DE /* hoopy.plist */; };
		C206BB4A1617A24D0046C4DE /* hoopy.png in Resources */ = {isa = PBXBuildFile; fileRef = C206BB481617A24D0046C4DE /* hoopy.png */; };
		C206D98816001D3400CAA726 /* TextOverlayLayer.mm in Sources */ = {isa = PBXBuildFile; fileRef = C206D98716001D3400CAA726 /* TextOverlayLayer.mm */; };
		C206D98E16001D7200CAA726 /* GameManager.mm in Sources */ = {isa = PBXBuildFile; fileRef = C206D98D16001D7200CAA726 /* GameManager.mm */; };
		C2172CF2162BA48C006D6EE4 /* home_button_sel-hd.png in Resources */ = {isa = PBXBuildFile; fileRef = C2172CEE162BA48C006D6EE4 /* home_button_sel-hd.png */; };
		C2172CF3162BA48C006D6EE4 /* home_button_sel.png in Resources */ = {isa = PBXBuildFile; fileRef = C2172CEF162BA48C006D6EE4 /* home_button_sel.png */; };
		C2172CF4162BA48C006D6EE4 /* home_button-hd.png in Resources */ = {isa = PBXBuildFile; fileRef = C2172CF0162BA48C006D6EE4 /* home_button-hd.png */; };
		C2172CF5162BA48C006D6EE4 /* home_button.png in Resources */ = {isa = PBXBuildFile; fileRef = C2172CF1162BA48C006D6EE4 /* home_button.png */; };
		C2172D02162BBF99006D6EE4 /* hdfont-full-hd.fnt in Resources */ = {isa = PBXBuildFile; fileRef = C2172CFE162BBF99006D6EE4 /* hdfont-full-hd.fnt */; };
		C2172D03162BBF99006D6EE4 /* hdfont-full-hd.png in Resources */ = {isa = PBXBuildFile; fileRef = C2172CFF162BBF99006D6EE4 /* hdfont-full-hd.png */; };
		C2172D04162BBF99006D6EE4 /* hdfont-full.fnt in Resources */ = {isa = PBXBuildFile; fileRef = C2172D00162BBF99006D6EE4 /* hdfont-full.fnt */; };
		C2172D05162BBF99006D6EE4 /* hdfont-full.png in Resources */ = {isa = PBXBuildFile; fileRef = C2172D01162BBF99006D6EE4 /* hdfont-full.png */; };
		C2172D0A162BC262006D6EE4 /* hdfont-full-small-hd.fnt in Resources */ = {isa = PBXBuildFile; fileRef = C2172D06162BC262006D6EE4 /* hdfont-full-small-hd.fnt */; };
		C2172D0B162BC262006D6EE4 /* hdfont-full-small-hd.png in Resources */ = {isa = PBXBuildFile; fileRef = C2172D07162BC262006D6EE4 /* hdfont-full-small-hd.png */; };
		C2172D0C162BC262006D6EE4 /* hdfont-full-small.fnt in Resources */ = {isa = PBXBuildFile; fileRef = C2172D08162BC262006D6EE4 /* hdfont-full-small.fnt */; };
		C2172D0D162BC262006D6EE4 /* hdfont-full-small.png in Resources */ = {isa = PBXBuildFile; fileRef = C2172D09162BC262006D6EE4 /* hdfont-full-small.png */; };
		C220424016113E1200876EDD /* start_screen_bg-hd.png in Resources */ = {isa = PBXBuildFile; fileRef = C220423D16113E1200876EDD /* start_screen_bg-hd.png */; };
		C220424116113E1200876EDD /* start_screen_bg.png in Resources */ = {isa = PBXBuildFile; fileRef = C220423E16113E1200876EDD /* start_screen_bg.png */; };
		C220424C161151C700876EDD /* ScreenImage.mm in Sources */ = {isa = PBXBuildFile; fileRef = C220424B161151C700876EDD /* ScreenImage.mm */; };
		C220425B1611575500876EDD /* faderOverlay-hd.png in Resources */ = {isa = PBXBuildFile; fileRef = C22042571611575500876EDD /* faderOverlay-hd.png */; };
		C220425C1611575500876EDD /* faderOverlay.png in Resources */ = {isa = PBXBuildFile; fileRef = C22042581611575500876EDD /* faderOverlay.png */; };
		C220425D1611575500876EDD /* start_screen_bg-568h-hd.png in Resources */ = {isa = PBXBuildFile; fileRef = C22042591611575500876EDD /* start_screen_bg-568h-hd.png */; };
		C220425F161157C700876EDD /* faderOverlay-568h-hd.png in Resources */ = {isa = PBXBuildFile; fileRef = C220425E161157C700876EDD /* faderOverlay-568h-hd.png */; };
		C220426116115A1500876EDD /* start.png in Resources */ = {isa = PBXBuildFile; fileRef = C220426016115A1500876EDD /* start.png */; };
		C220426716115E5200876EDD /* start-hd.png in Resources */ = {isa = PBXBuildFile; fileRef = C220426616115E5200876EDD /* start-hd.png */; };
		C233C5191605312F00622E77 /* HDTimer.mm in Sources */ = {isa = PBXBuildFile; fileRef = C233C5181605312F00622E77 /* HDTimer.mm */; };
		C233C5211605653D00622E77 /* background-hd.png in Resources */ = {isa = PBXBuildFile; fileRef = C233C51F1605653D00622E77 /* background-hd.png */; };
		C233C5221605653D00622E77 /* background.png in Resources */ = {isa = PBXBuildFile; fileRef = C233C5201605653D00622E77 /* background.png */; };
		C233C52516056A7E00622E77 /* BackgroundLayer.mm in Sources */ = {isa = PBXBuildFile; fileRef = C233C52416056A7E00622E77 /* BackgroundLayer.mm */; };
		C233C52816056FB600622E77 /* HDGamePlayRootScene.mm in Sources */ = {isa = PBXBuildFile; fileRef = C233C52716056FB600622E77 /* HDGamePlayRootScene.mm */; };
		C239A4511613F195000DEAEA /* orbs-hd.plist in Resources */ = {isa = PBXBuildFile; fileRef = C239A44D1613F195000DEAEA /* orbs-hd.plist */; };
		C239A4521613F195000DEAEA /* orbs-hd.png in Resources */ = {isa = PBXBuildFile; fileRef = C239A44E1613F195000DEAEA /* orbs-hd.png */; };
		C239A4531613F195000DEAEA /* orbs.plist in Resources */ = {isa = PBXBuildFile; fileRef = C239A44F1613F195000DEAEA /* orbs.plist */; };
		C239A4541613F195000DEAEA /* orbs.png in Resources */ = {isa = PBXBuildFile; fileRef = C239A4501613F195000DEAEA /* orbs.png */; };
		C2468470160C72D10063DAAD /* LeaderBoardLayer.mm in Sources */ = {isa = PBXBuildFile; fileRef = C246846F160C72D10063DAAD /* LeaderBoardLayer.mm */; };
		C2468474160C76610063DAAD /* AboutLayer.mm in Sources */ = {isa = PBXBuildFile; fileRef = C2468473160C76610063DAAD /* AboutLayer.mm */; };
		C24A84621607E42700F769D4 /* PDKeychainBindings.m in Sources */ = {isa = PBXBuildFile; fileRef = C24A84611607E42700F769D4 /* PDKeychainBindings.m */; };
		C24A84651607E46200F769D4 /* PDKeychainBindingsController.m in Sources */ = {isa = PBXBuildFile; fileRef = C24A84641607E46200F769D4 /* PDKeychainBindingsController.m */; };
		C24A84671607E51B00F769D4 /* Security.framework in Frameworks */ = {isa = PBXBuildFile; fileRef = C24A84661607E51B00F769D4 /* Security.framework */; };
		C24A846B16093DB200F769D4 /* HDOrbTimer.mm in Sources */ = {isa = PBXBuildFile; fileRef = C24A846A16093DB200F769D4 /* HDOrbTimer.mm */; };
		C24A846E160A687200F769D4 /* question_button-hd.png in Resources */ = {isa = PBXBuildFile; fileRef = C24A846C160A687200F769D4 /* question_button-hd.png */; };
		C24A846F160A687200F769D4 /* question_button.png in Resources */ = {isa = PBXBuildFile; fileRef = C24A846D160A687200F769D4 /* question_button.png */; };
		C24A8472160A6B0500F769D4 /* gear_button-hd.png in Resources */ = {isa = PBXBuildFile; fileRef = C24A8470160A6B0500F769D4 /* gear_button-hd.png */; };
		C24A8473160A6B0500F769D4 /* gear_button.png in Resources */ = {isa = PBXBuildFile; fileRef = C24A8471160A6B0500F769D4 /* gear_button.png */; };
		C24F509C1612AF53005435E1 /* hexabump.png in Resources */ = {isa = PBXBuildFile; fileRef = C24F509A1612AF53005435E1 /* hexabump.png */; };
		C24F509D1612AF53005435E1 /* hexabump.tmx in Resources */ = {isa = PBXBuildFile; fileRef = C24F509B1612AF53005435E1 /* hexabump.tmx */; };
		C24F50A01612AFD0005435E1 /* HDGamePlayBackground.mm in Sources */ = {isa = PBXBuildFile; fileRef = C24F509F1612AFD0005435E1 /* HDGamePlayBackground.mm */; };
		C24F50A21612B0E4005435E1 /* hexabump-hd.tmx in Resources */ = {isa = PBXBuildFile; fileRef = C24F50A11612B0E4005435E1 /* hexabump-hd.tmx */; };
		C24F50A41612B160005435E1 /* hexabump-568@2x.tmx in Resources */ = {isa = PBXBuildFile; fileRef = C24F50A31612B160005435E1 /* hexabump-568@2x.tmx */; };
		C26773C216001FBA008B2135 /* HDStartLayer.mm in Sources */ = {isa = PBXBuildFile; fileRef = C26773C116001FBA008B2135 /* HDStartLayer.mm */; };
		C26773CE16004144008B2135 /* CollisionHandler.mm in Sources */ = {isa = PBXBuildFile; fileRef = C26773CD16004144008B2135 /* CollisionHandler.mm */; };
		C26773D1160051A4008B2135 /* DeletableBody.mm in Sources */ = {isa = PBXBuildFile; fileRef = C26773D0160051A4008B2135 /* DeletableBody.mm */; };
		C26773E11600FD1B008B2135 /* PauseLayer.mm in Sources */ = {isa = PBXBuildFile; fileRef = C26773E01600FD1A008B2135 /* PauseLayer.mm */; };
		C26FF857160A82E400190FC7 /* gear_button_sel-hd.png in Resources */ = {isa = PBXBuildFile; fileRef = C26FF855160A82E400190FC7 /* gear_button_sel-hd.png */; };
		C26FF858160A82E400190FC7 /* gear_button_sel.png in Resources */ = {isa = PBXBuildFile; fileRef = C26FF856160A82E400190FC7 /* gear_button_sel.png */; };
		C26FF85C160A847B00190FC7 /* question_button_sel-hd.png in Resources */ = {isa = PBXBuildFile; fileRef = C26FF85A160A847B00190FC7 /* question_button_sel-hd.png */; };
		C26FF85D160A847B00190FC7 /* question_button_sel.png in Resources */ = {isa = PBXBuildFile; fileRef = C26FF85B160A847B00190FC7 /* question_button_sel.png */; };
		C26FF860160A850500190FC7 /* leader_board_sel-hd.png in Resources */ = {isa = PBXBuildFile; fileRef = C26FF85E160A850500190FC7 /* leader_board_sel-hd.png */; };
		C26FF861160A850500190FC7 /* leader_board_sel.png in Resources */ = {isa = PBXBuildFile; fileRef = C26FF85F160A850500190FC7 /* leader_board_sel.png */; };
		C26FF864160A850F00190FC7 /* credits_sel-hd.png in Resources */ = {isa = PBXBuildFile; fileRef = C26FF862160A850F00190FC7 /* credits_sel-hd.png */; };
		C26FF865160A850F00190FC7 /* credits_sel.png in Resources */ = {isa = PBXBuildFile; fileRef = C26FF863160A850F00190FC7 /* credits_sel.png */; };
		C26FF868160A854200190FC7 /* HelpLayer.mm in Sources */ = {isa = PBXBuildFile; fileRef = C26FF867160A854200190FC7 /* HelpLayer.mm */; };
		C28511A516209F5400C59AF9 /* alarm.aif in Resources */ = {isa = PBXBuildFile; fileRef = C28511A416209F5400C59AF9 /* alarm.aif */; };
		C28511A81620A78B00C59AF9 /* game_over.aif in Resources */ = {isa = PBXBuildFile; fileRef = C28511A71620A78B00C59AF9 /* game_over.aif */; };
		C28511AB1620C1F000C59AF9 /* TouchUtil.mm in Sources */ = {isa = PBXBuildFile; fileRef = C28511AA1620C1F000C59AF9 /* TouchUtil.mm */; };
		C288C9B0161E84DB00DF85CC /* hoopy-hd.plist in Resources */ = {isa = PBXBuildFile; fileRef = C288C9AE161E84DB00DF85CC /* hoopy-hd.plist */; };
		C288C9B1161E84DB00DF85CC /* hoopy-hd.png in Resources */ = {isa = PBXBuildFile; fileRef = C288C9AF161E84DB00DF85CC /* hoopy-hd.png */; };
		C2DA46E1161106C5000AEFF3 /* Default@2x.png in Resources */ = {isa = PBXBuildFile; fileRef = C2DA46DF161106C5000AEFF3 /* Default@2x.png */; };
		C2DA46E416110772000AEFF3 /* Default-568h@2x.png in Resources */ = {isa = PBXBuildFile; fileRef = C2DA46E316110772000AEFF3 /* Default-568h@2x.png */; };
		C2DAA6CC162CB4830098F87F /* score_sep-hd.png in Resources */ = {isa = PBXBuildFile; fileRef = C2DAA6C8162CB4830098F87F /* score_sep-hd.png */; };
		C2DAA6CD162CB4830098F87F /* score_sep.png in Resources */ = {isa = PBXBuildFile; fileRef = C2DAA6C9162CB4830098F87F /* score_sep.png */; };
		C2DAA6CE162CB4830098F87F /* score-back-hd.png in Resources */ = {isa = PBXBuildFile; fileRef = C2DAA6CA162CB4830098F87F /* score-back-hd.png */; };
		C2DAA6CF162CB4830098F87F /* score-back.png in Resources */ = {isa = PBXBuildFile; fileRef = C2DAA6CB162CB4830098F87F /* score-back.png */; };
		C2F45585161D21960035942A /* game_over-hd.png in Resources */ = {isa = PBXBuildFile; fileRef = C2F45581161D21960035942A /* game_over-hd.png */; };
		C2F45586161D21960035942A /* game_over.png in Resources */ = {isa = PBXBuildFile; fileRef = C2F45582161D21960035942A /* game_over.png */; };
		C2F4558A161D22690035942A /* HDGameOverLayer.mm in Sources */ = {isa = PBXBuildFile; fileRef = C2F45589161D22690035942A /* HDGameOverLayer.mm */; };
		C2F4558D161D251A0035942A /* game_over-568h-hd.png in Resources */ = {isa = PBXBuildFile; fileRef = C2F4558B161D251A0035942A /* game_over-568h-hd.png */; };
		C2F4558E161D251A0035942A /* game_over-568h.png in Resources */ = {isa = PBXBuildFile; fileRef = C2F4558C161D251A0035942A /* game_over-568h.png */; };
		C2F5F763160A7B9F002B8EE9 /* credits-hd.png in Resources */ = {isa = PBXBuildFile; fileRef = C2F5F761160A7B9F002B8EE9 /* credits-hd.png */; };
		C2F5F764160A7B9F002B8EE9 /* credits.png in Resources */ = {isa = PBXBuildFile; fileRef = C2F5F762160A7B9F002B8EE9 /* credits.png */; };
		C2F5F768160A7C22002B8EE9 /* leader_board-hd.png in Resources */ = {isa = PBXBuildFile; fileRef = C2F5F766160A7C22002B8EE9 /* leader_board-hd.png */; };
		C2F5F769160A7C22002B8EE9 /* leader_board.png in Resources */ = {isa = PBXBuildFile; fileRef = C2F5F767160A7C22002B8EE9 /* leader_board.png */; };
		C2F5F76C160A7DB9002B8EE9 /* HDSettingsLayer.mm in Sources */ = {isa = PBXBuildFile; fileRef = C2F5F76B160A7DB9002B8EE9 /* HDSettingsLayer.mm */; };
		C2F7079F1606736A000764E4 /* abandon-hd.png in Resources */ = {isa = PBXBuildFile; fileRef = C2F7079D1606736A000764E4 /* abandon-hd.png */; };
		C2F707A01606736A000764E4 /* abandon.png in Resources */ = {isa = PBXBuildFile; fileRef = C2F7079E1606736A000764E4 /* abandon.png */; };
		DC193EB813B692D100500B56 /* GLES-Render.mm in Sources */ = {isa = PBXBuildFile; fileRef = DC193EB313B6872600500B56 /* GLES-Render.mm */; };
		DC193EBC13B6956F00500B56 /* ContactListener.mm in Sources */ = {isa = PBXBuildFile; fileRef = DC193EBB13B6956F00500B56 /* ContactListener.mm */; };
		DC26D6BE14B9E4D500B6002E /* fps_images-hd.png in Resources */ = {isa = PBXBuildFile; fileRef = DC26D6BD14B9E4D500B6002E /* fps_images-hd.png */; };
		DC2A3EC4149A30B400EF78B0 /* Box2DDebugLayer.mm in Sources */ = {isa = PBXBuildFile; fileRef = DC2A3EC3149A30B400EF78B0 /* Box2DDebugLayer.mm */; };
		DC65615C13A969B600A7AC53 /* libbox2d-ios.a in Frameworks */ = {isa = PBXBuildFile; fileRef = DC65615013A969B600A7AC53 /* libbox2d-ios.a */; };
		DC65615D13A969B600A7AC53 /* libchipmunk-ios.a in Frameworks */ = {isa = PBXBuildFile; fileRef = DC65615113A969B600A7AC53 /* libchipmunk-ios.a */; };
		DC65615E13A969B600A7AC53 /* libchipmunk-spacemanager-ios.a in Frameworks */ = {isa = PBXBuildFile; fileRef = DC65615213A969B600A7AC53 /* libchipmunk-spacemanager-ios.a */; };
		DC65616013A969B600A7AC53 /* libcocos2d-extensions-ios.a in Frameworks */ = {isa = PBXBuildFile; fileRef = DC65615413A969B600A7AC53 /* libcocos2d-extensions-ios.a */; };
		DC65616113A969B600A7AC53 /* libcocos2d-ios.a in Frameworks */ = {isa = PBXBuildFile; fileRef = DC65615513A969B600A7AC53 /* libcocos2d-ios.a */; };
		DC65616213A969B600A7AC53 /* libcocos3d-ios.a in Frameworks */ = {isa = PBXBuildFile; fileRef = DC65615613A969B600A7AC53 /* libcocos3d-ios.a */; };
		DC65616313A969B600A7AC53 /* libcocosdenshion-ios.a in Frameworks */ = {isa = PBXBuildFile; fileRef = DC65615713A969B600A7AC53 /* libcocosdenshion-ios.a */; };
		DC65616413A969B600A7AC53 /* libkobold2d-ios.a in Frameworks */ = {isa = PBXBuildFile; fileRef = DC65615813A969B600A7AC53 /* libkobold2d-ios.a */; };
		DC65616513A969B600A7AC53 /* libobjectal-ios.a in Frameworks */ = {isa = PBXBuildFile; fileRef = DC65615913A969B600A7AC53 /* libobjectal-ios.a */; };
		DC65616613A969B600A7AC53 /* libsneakyinput-ios.a in Frameworks */ = {isa = PBXBuildFile; fileRef = DC65615A13A969B600A7AC53 /* libsneakyinput-ios.a */; };
		DC65617D15114BC500E59F8A /* fps_images-ipadhd.png in Resources */ = {isa = PBXBuildFile; fileRef = DC65617C15114BC500E59F8A /* fps_images-ipadhd.png */; };
		DCC1A0FA13A94ED5005BD75D /* Default.png in Resources */ = {isa = PBXBuildFile; fileRef = DCC1A0F913A94ED5005BD75D /* Default.png */; };
		DCC1A0FC13A94ED5005BD75D /* fps_images.png in Resources */ = {isa = PBXBuildFile; fileRef = DCC1A0FB13A94ED5005BD75D /* fps_images.png */; };
		DCC1A0FE13A94ED5005BD75D /* Icon-72.png in Resources */ = {isa = PBXBuildFile; fileRef = DCC1A0FD13A94ED5005BD75D /* Icon-72.png */; };
		DCC1A10013A94ED5005BD75D /* Icon-Small-50.png in Resources */ = {isa = PBXBuildFile; fileRef = DCC1A0FF13A94ED5005BD75D /* Icon-Small-50.png */; };
		DCC1A10213A94ED5005BD75D /* Icon-Small.png in Resources */ = {isa = PBXBuildFile; fileRef = DCC1A10113A94ED5005BD75D /* Icon-Small.png */; };
		DCC1A10413A94ED5005BD75D /* Icon-Small@2x.png in Resources */ = {isa = PBXBuildFile; fileRef = DCC1A10313A94ED5005BD75D /* Icon-Small@2x.png */; };
		DCC1A10613A94ED5005BD75D /* Icon.png in Resources */ = {isa = PBXBuildFile; fileRef = DCC1A10513A94ED5005BD75D /* Icon.png */; };
		DCC1A10813A94ED5005BD75D /* Icon@2x.png in Resources */ = {isa = PBXBuildFile; fileRef = DCC1A10713A94ED5005BD75D /* Icon@2x.png */; };
		DCC1A10B13A94ED5005BD75D /* iTunesArtwork in Resources */ = {isa = PBXBuildFile; fileRef = DCC1A10A13A94ED5005BD75D /* iTunesArtwork */; };
		DCC1A3A913A94F1A005BD75D /* AppDelegate.mm in Sources */ = {isa = PBXBuildFile; fileRef = DCC1A38E13A94F1A005BD75D /* AppDelegate.mm */; };
		DCC1A3AB13A94F1A005BD75D /* PhysicsLayer.mm in Sources */ = {isa = PBXBuildFile; fileRef = DCC1A39013A94F1A005BD75D /* PhysicsLayer.mm */; };
		DCC1A3AD13A94F1A005BD75D /* main.m in Sources */ = {isa = PBXBuildFile; fileRef = DCC1A39113A94F1A005BD75D /* main.m */; };
		DCC1A3AF13A94F1A005BD75D /* config.lua in Resources */ = {isa = PBXBuildFile; fileRef = DCC1A39513A94F1A005BD75D /* config.lua */; };
/* End PBXBuildFile section */

/* Begin PBXFileReference section */
		C200D349162CF43500B46110 /* score_wall-hd.png */ = {isa = PBXFileReference; lastKnownFileType = image.png; name = "score_wall-hd.png"; path = "Resources/score_wall-hd.png"; sourceTree = "<group>"; };
		C200D34A162CF43500B46110 /* score_wall.png */ = {isa = PBXFileReference; lastKnownFileType = image.png; name = score_wall.png; path = Resources/score_wall.png; sourceTree = "<group>"; };
		C204587116251B13007E6D0C /* HDPersistantData.h */ = {isa = PBXFileReference; fileEncoding = 4; lastKnownFileType = sourcecode.c.h; name = HDPersistantData.h; path = Projectfiles/HDPersistantData.h; sourceTree = "<group>"; };
		C204587216251B13007E6D0C /* HDPersistantData.mm */ = {isa = PBXFileReference; fileEncoding = 4; lastKnownFileType = sourcecode.cpp.objcpp; name = HDPersistantData.mm; path = Projectfiles/HDPersistantData.mm; sourceTree = "<group>"; };
		C205A12A160E4F7200A4209C /* button-back-hd.png */ = {isa = PBXFileReference; lastKnownFileType = image.png; path = "button-back-hd.png"; sourceTree = "<group>"; };
		C205A12B160E4F7200A4209C /* button-back.png */ = {isa = PBXFileReference; lastKnownFileType = image.png; path = "button-back.png"; sourceTree = "<group>"; };
		C206BB471617A24D0046C4DE /* hoopy.plist */ = {isa = PBXFileReference; fileEncoding = 4; lastKnownFileType = text.plist.xml; path = hoopy.plist; sourceTree = "<group>"; };
		C206BB481617A24D0046C4DE /* hoopy.png */ = {isa = PBXFileReference; lastKnownFileType = image.png; path = hoopy.png; sourceTree = "<group>"; };
		C206D98616001D3400CAA726 /* TextOverlayLayer.h */ = {isa = PBXFileReference; fileEncoding = 4; lastKnownFileType = sourcecode.c.h; name = TextOverlayLayer.h; path = Projectfiles/TextOverlayLayer.h; sourceTree = "<group>"; };
		C206D98716001D3400CAA726 /* TextOverlayLayer.mm */ = {isa = PBXFileReference; fileEncoding = 4; lastKnownFileType = sourcecode.cpp.objcpp; name = TextOverlayLayer.mm; path = Projectfiles/TextOverlayLayer.mm; sourceTree = "<group>"; };
		C206D98C16001D7200CAA726 /* HoopyDrop.h */ = {isa = PBXFileReference; fileEncoding = 4; lastKnownFileType = sourcecode.c.h; path = HoopyDrop.h; sourceTree = "<group>"; };
		C206D98D16001D7200CAA726 /* GameManager.mm */ = {isa = PBXFileReference; fileEncoding = 4; lastKnownFileType = sourcecode.cpp.objcpp; path = GameManager.mm; sourceTree = "<group>"; };
		C2172CEE162BA48C006D6EE4 /* home_button_sel-hd.png */ = {isa = PBXFileReference; lastKnownFileType = image.png; path = "home_button_sel-hd.png"; sourceTree = "<group>"; };
		C2172CEF162BA48C006D6EE4 /* home_button_sel.png */ = {isa = PBXFileReference; lastKnownFileType = image.png; path = home_button_sel.png; sourceTree = "<group>"; };
		C2172CF0162BA48C006D6EE4 /* home_button-hd.png */ = {isa = PBXFileReference; lastKnownFileType = image.png; path = "home_button-hd.png"; sourceTree = "<group>"; };
		C2172CF1162BA48C006D6EE4 /* home_button.png */ = {isa = PBXFileReference; lastKnownFileType = image.png; path = home_button.png; sourceTree = "<group>"; };
		C2172CFE162BBF99006D6EE4 /* hdfont-full-hd.fnt */ = {isa = PBXFileReference; fileEncoding = 4; lastKnownFileType = text; path = "hdfont-full-hd.fnt"; sourceTree = "<group>"; };
		C2172CFF162BBF99006D6EE4 /* hdfont-full-hd.png */ = {isa = PBXFileReference; lastKnownFileType = image.png; path = "hdfont-full-hd.png"; sourceTree = "<group>"; };
		C2172D00162BBF99006D6EE4 /* hdfont-full.fnt */ = {isa = PBXFileReference; fileEncoding = 4; lastKnownFileType = text; path = "hdfont-full.fnt"; sourceTree = "<group>"; };
		C2172D01162BBF99006D6EE4 /* hdfont-full.png */ = {isa = PBXFileReference; lastKnownFileType = image.png; path = "hdfont-full.png"; sourceTree = "<group>"; };
		C2172D06162BC262006D6EE4 /* hdfont-full-small-hd.fnt */ = {isa = PBXFileReference; fileEncoding = 4; lastKnownFileType = text; path = "hdfont-full-small-hd.fnt"; sourceTree = "<group>"; };
		C2172D07162BC262006D6EE4 /* hdfont-full-small-hd.png */ = {isa = PBXFileReference; lastKnownFileType = image.png; path = "hdfont-full-small-hd.png"; sourceTree = "<group>"; };
		C2172D08162BC262006D6EE4 /* hdfont-full-small.fnt */ = {isa = PBXFileReference; fileEncoding = 4; lastKnownFileType = text; path = "hdfont-full-small.fnt"; sourceTree = "<group>"; };
		C2172D09162BC262006D6EE4 /* hdfont-full-small.png */ = {isa = PBXFileReference; lastKnownFileType = image.png; path = "hdfont-full-small.png"; sourceTree = "<group>"; };
		C220423D16113E1200876EDD /* start_screen_bg-hd.png */ = {isa = PBXFileReference; lastKnownFileType = image.png; name = "start_screen_bg-hd.png"; path = "Resources/start_screen_bg-hd.png"; sourceTree = "<group>"; };
		C220423E16113E1200876EDD /* start_screen_bg.png */ = {isa = PBXFileReference; lastKnownFileType = image.png; name = start_screen_bg.png; path = Resources/start_screen_bg.png; sourceTree = "<group>"; };
		C220424B161151C700876EDD /* ScreenImage.mm */ = {isa = PBXFileReference; fileEncoding = 4; lastKnownFileType = sourcecode.cpp.objcpp; name = ScreenImage.mm; path = Projectfiles/ScreenImage.mm; sourceTree = "<group>"; };
		C2204253161154C900876EDD /* HDUtil.h */ = {isa = PBXFileReference; fileEncoding = 4; lastKnownFileType = sourcecode.c.h; name = HDUtil.h; path = Projectfiles/HDUtil.h; sourceTree = "<group>"; };
		C22042571611575500876EDD /* faderOverlay-hd.png */ = {isa = PBXFileReference; lastKnownFileType = image.png; name = "faderOverlay-hd.png"; path = "Resources/faderOverlay-hd.png"; sourceTree = "<group>"; };
		C22042581611575500876EDD /* faderOverlay.png */ = {isa = PBXFileReference; lastKnownFileType = image.png; name = faderOverlay.png; path = Resources/faderOverlay.png; sourceTree = "<group>"; };
		C22042591611575500876EDD /* start_screen_bg-568h-hd.png */ = {isa = PBXFileReference; lastKnownFileType = image.png; name = "start_screen_bg-568h-hd.png"; path = "Resources/start_screen_bg-568h-hd.png"; sourceTree = "<group>"; };
		C220425E161157C700876EDD /* faderOverlay-568h-hd.png */ = {isa = PBXFileReference; lastKnownFileType = image.png; name = "faderOverlay-568h-hd.png"; path = "Resources/faderOverlay-568h-hd.png"; sourceTree = "<group>"; };
		C220426016115A1500876EDD /* start.png */ = {isa = PBXFileReference; lastKnownFileType = image.png; path = start.png; sourceTree = "<group>"; };
		C220426616115E5200876EDD /* start-hd.png */ = {isa = PBXFileReference; lastKnownFileType = image.png; path = "start-hd.png"; sourceTree = "<group>"; };
		C233C5181605312F00622E77 /* HDTimer.mm */ = {isa = PBXFileReference; fileEncoding = 4; lastKnownFileType = sourcecode.cpp.objcpp; path = HDTimer.mm; sourceTree = "<group>"; };
		C233C51F1605653D00622E77 /* background-hd.png */ = {isa = PBXFileReference; lastKnownFileType = image.png; path = "background-hd.png"; sourceTree = "<group>"; };
		C233C5201605653D00622E77 /* background.png */ = {isa = PBXFileReference; lastKnownFileType = image.png; path = background.png; sourceTree = "<group>"; };
		C233C52416056A7E00622E77 /* BackgroundLayer.mm */ = {isa = PBXFileReference; fileEncoding = 4; lastKnownFileType = sourcecode.cpp.objcpp; path = BackgroundLayer.mm; sourceTree = "<group>"; };
		C233C52716056FB600622E77 /* HDGamePlayRootScene.mm */ = {isa = PBXFileReference; fileEncoding = 4; lastKnownFileType = sourcecode.cpp.objcpp; path = HDGamePlayRootScene.mm; sourceTree = "<group>"; };
		C239A44D1613F195000DEAEA /* orbs-hd.plist */ = {isa = PBXFileReference; fileEncoding = 4; lastKnownFileType = text.plist.xml; path = "orbs-hd.plist"; sourceTree = "<group>"; };
		C239A44E1613F195000DEAEA /* orbs-hd.png */ = {isa = PBXFileReference; lastKnownFileType = image.png; path = "orbs-hd.png"; sourceTree = "<group>"; };
		C239A44F1613F195000DEAEA /* orbs.plist */ = {isa = PBXFileReference; fileEncoding = 4; lastKnownFileType = text.plist.xml; path = orbs.plist; sourceTree = "<group>"; };
		C239A4501613F195000DEAEA /* orbs.png */ = {isa = PBXFileReference; lastKnownFileType = image.png; path = orbs.png; sourceTree = "<group>"; };
		C246846F160C72D10063DAAD /* LeaderBoardLayer.mm */ = {isa = PBXFileReference; fileEncoding = 4; lastKnownFileType = sourcecode.cpp.objcpp; path = LeaderBoardLayer.mm; sourceTree = "<group>"; };
		C2468473160C76610063DAAD /* AboutLayer.mm */ = {isa = PBXFileReference; fileEncoding = 4; lastKnownFileType = sourcecode.cpp.objcpp; name = AboutLayer.mm; path = Projectfiles/AboutLayer.mm; sourceTree = "<group>"; };
		C24A84601607E42700F769D4 /* PDKeychainBindings.h */ = {isa = PBXFileReference; fileEncoding = 4; lastKnownFileType = sourcecode.c.h; name = PDKeychainBindings.h; path = Projectfiles/PDKeychainBindings.h; sourceTree = "<group>"; };
		C24A84611607E42700F769D4 /* PDKeychainBindings.m */ = {isa = PBXFileReference; fileEncoding = 4; lastKnownFileType = sourcecode.c.objc; name = PDKeychainBindings.m; path = Projectfiles/PDKeychainBindings.m; sourceTree = "<group>"; };
		C24A84631607E46200F769D4 /* PDKeychainBindingsController.h */ = {isa = PBXFileReference; fileEncoding = 4; lastKnownFileType = sourcecode.c.h; name = PDKeychainBindingsController.h; path = Projectfiles/PDKeychainBindingsController.h; sourceTree = "<group>"; };
		C24A84641607E46200F769D4 /* PDKeychainBindingsController.m */ = {isa = PBXFileReference; fileEncoding = 4; lastKnownFileType = sourcecode.c.objc; name = PDKeychainBindingsController.m; path = Projectfiles/PDKeychainBindingsController.m; sourceTree = "<group>"; };
		C24A84661607E51B00F769D4 /* Security.framework */ = {isa = PBXFileReference; lastKnownFileType = wrapper.framework; name = Security.framework; path = Platforms/iPhoneOS.platform/Developer/SDKs/iPhoneOS6.0.sdk/System/Library/Frameworks/Security.framework; sourceTree = DEVELOPER_DIR; };
		C24A846A16093DB200F769D4 /* HDOrbTimer.mm */ = {isa = PBXFileReference; fileEncoding = 4; lastKnownFileType = sourcecode.cpp.objcpp; path = HDOrbTimer.mm; sourceTree = "<group>"; };
		C24A846C160A687200F769D4 /* question_button-hd.png */ = {isa = PBXFileReference; lastKnownFileType = image.png; path = "question_button-hd.png"; sourceTree = "<group>"; };
		C24A846D160A687200F769D4 /* question_button.png */ = {isa = PBXFileReference; lastKnownFileType = image.png; path = question_button.png; sourceTree = "<group>"; };
		C24A8470160A6B0500F769D4 /* gear_button-hd.png */ = {isa = PBXFileReference; lastKnownFileType = image.png; path = "gear_button-hd.png"; sourceTree = "<group>"; };
		C24A8471160A6B0500F769D4 /* gear_button.png */ = {isa = PBXFileReference; lastKnownFileType = image.png; path = gear_button.png; sourceTree = "<group>"; };
		C24F509A1612AF53005435E1 /* hexabump.png */ = {isa = PBXFileReference; lastKnownFileType = image.png; name = hexabump.png; path = Resources/hexabump.png; sourceTree = "<group>"; };
		C24F509B1612AF53005435E1 /* hexabump.tmx */ = {isa = PBXFileReference; fileEncoding = 4; lastKnownFileType = text.xml; name = hexabump.tmx; path = Resources/hexabump.tmx; sourceTree = "<group>"; };
		C24F509F1612AFD0005435E1 /* HDGamePlayBackground.mm */ = {isa = PBXFileReference; fileEncoding = 4; lastKnownFileType = sourcecode.cpp.objcpp; name = HDGamePlayBackground.mm; path = Projectfiles/HDGamePlayBackground.mm; sourceTree = "<group>"; };
		C24F50A11612B0E4005435E1 /* hexabump-hd.tmx */ = {isa = PBXFileReference; fileEncoding = 4; lastKnownFileType = text.xml; name = "hexabump-hd.tmx"; path = "Resources/hexabump-hd.tmx"; sourceTree = "<group>"; };
		C24F50A31612B160005435E1 /* hexabump-568@2x.tmx */ = {isa = PBXFileReference; fileEncoding = 4; lastKnownFileType = text.xml; name = "hexabump-568@2x.tmx"; path = "Resources/hexabump-568@2x.tmx"; sourceTree = "<group>"; };
		C26773C116001FBA008B2135 /* HDStartLayer.mm */ = {isa = PBXFileReference; fileEncoding = 4; lastKnownFileType = sourcecode.cpp.objcpp; name = HDStartLayer.mm; path = Projectfiles/HDStartLayer.mm; sourceTree = "<group>"; };
		C26773CC16004144008B2135 /* CollisionHandler.h */ = {isa = PBXFileReference; fileEncoding = 4; lastKnownFileType = sourcecode.c.h; path = CollisionHandler.h; sourceTree = "<group>"; };
		C26773CD16004144008B2135 /* CollisionHandler.mm */ = {isa = PBXFileReference; fileEncoding = 4; lastKnownFileType = sourcecode.cpp.objcpp; path = CollisionHandler.mm; sourceTree = "<group>"; };
		C26773D0160051A4008B2135 /* DeletableBody.mm */ = {isa = PBXFileReference; fileEncoding = 4; lastKnownFileType = sourcecode.cpp.objcpp; path = DeletableBody.mm; sourceTree = "<group>"; };
		C26773E01600FD1A008B2135 /* PauseLayer.mm */ = {isa = PBXFileReference; fileEncoding = 4; lastKnownFileType = sourcecode.cpp.objcpp; name = PauseLayer.mm; path = Projectfiles/PauseLayer.mm; sourceTree = "<group>"; };
		C26FF855160A82E400190FC7 /* gear_button_sel-hd.png */ = {isa = PBXFileReference; lastKnownFileType = image.png; path = "gear_button_sel-hd.png"; sourceTree = "<group>"; };
		C26FF856160A82E400190FC7 /* gear_button_sel.png */ = {isa = PBXFileReference; lastKnownFileType = image.png; path = gear_button_sel.png; sourceTree = "<group>"; };
		C26FF85A160A847B00190FC7 /* question_button_sel-hd.png */ = {isa = PBXFileReference; lastKnownFileType = image.png; path = "question_button_sel-hd.png"; sourceTree = "<group>"; };
		C26FF85B160A847B00190FC7 /* question_button_sel.png */ = {isa = PBXFileReference; lastKnownFileType = image.png; path = question_button_sel.png; sourceTree = "<group>"; };
		C26FF85E160A850500190FC7 /* leader_board_sel-hd.png */ = {isa = PBXFileReference; lastKnownFileType = image.png; path = "leader_board_sel-hd.png"; sourceTree = "<group>"; };
		C26FF85F160A850500190FC7 /* leader_board_sel.png */ = {isa = PBXFileReference; lastKnownFileType = image.png; path = leader_board_sel.png; sourceTree = "<group>"; };
		C26FF862160A850F00190FC7 /* credits_sel-hd.png */ = {isa = PBXFileReference; lastKnownFileType = image.png; path = "credits_sel-hd.png"; sourceTree = "<group>"; };
		C26FF863160A850F00190FC7 /* credits_sel.png */ = {isa = PBXFileReference; lastKnownFileType = image.png; path = credits_sel.png; sourceTree = "<group>"; };
		C26FF867160A854200190FC7 /* HelpLayer.mm */ = {isa = PBXFileReference; fileEncoding = 4; lastKnownFileType = sourcecode.cpp.objcpp; path = HelpLayer.mm; sourceTree = "<group>"; };
		C28511A416209F5400C59AF9 /* alarm.aif */ = {isa = PBXFileReference; lastKnownFileType = file; path = alarm.aif; sourceTree = "<group>"; };
		C28511A71620A78B00C59AF9 /* game_over.aif */ = {isa = PBXFileReference; lastKnownFileType = file; path = game_over.aif; sourceTree = "<group>"; };
		C28511AA1620C1F000C59AF9 /* TouchUtil.mm */ = {isa = PBXFileReference; fileEncoding = 4; lastKnownFileType = sourcecode.cpp.objcpp; name = TouchUtil.mm; path = Projectfiles/TouchUtil.mm; sourceTree = "<group>"; };
		C288C9AE161E84DB00DF85CC /* hoopy-hd.plist */ = {isa = PBXFileReference; fileEncoding = 4; lastKnownFileType = text.plist.xml; path = "hoopy-hd.plist"; sourceTree = "<group>"; };
		C288C9AF161E84DB00DF85CC /* hoopy-hd.png */ = {isa = PBXFileReference; lastKnownFileType = image.png; path = "hoopy-hd.png"; sourceTree = "<group>"; };
		C2DA46DF161106C5000AEFF3 /* Default@2x.png */ = {isa = PBXFileReference; lastKnownFileType = image.png; name = "Default@2x.png"; path = "Resources/Default@2x.png"; sourceTree = "<group>"; };
		C2DA46E316110772000AEFF3 /* Default-568h@2x.png */ = {isa = PBXFileReference; lastKnownFileType = image.png; name = "Default-568h@2x.png"; path = "Resources/Default-568h@2x.png"; sourceTree = "<group>"; };
		C2DAA6C8162CB4830098F87F /* score_sep-hd.png */ = {isa = PBXFileReference; lastKnownFileType = image.png; name = "score_sep-hd.png"; path = "Resources/score_sep-hd.png"; sourceTree = "<group>"; };
		C2DAA6C9162CB4830098F87F /* score_sep.png */ = {isa = PBXFileReference; lastKnownFileType = image.png; name = score_sep.png; path = Resources/score_sep.png; sourceTree = "<group>"; };
		C2DAA6CA162CB4830098F87F /* score-back-hd.png */ = {isa = PBXFileReference; lastKnownFileType = image.png; name = "score-back-hd.png"; path = "Resources/score-back-hd.png"; sourceTree = "<group>"; };
		C2DAA6CB162CB4830098F87F /* score-back.png */ = {isa = PBXFileReference; lastKnownFileType = image.png; name = "score-back.png"; path = "Resources/score-back.png"; sourceTree = "<group>"; };
		C2F45581161D21960035942A /* game_over-hd.png */ = {isa = PBXFileReference; lastKnownFileType = image.png; name = "game_over-hd.png"; path = "Resources/game_over-hd.png"; sourceTree = "<group>"; };
		C2F45582161D21960035942A /* game_over.png */ = {isa = PBXFileReference; lastKnownFileType = image.png; name = game_over.png; path = Resources/game_over.png; sourceTree = "<group>"; };
		C2F45589161D22690035942A /* HDGameOverLayer.mm */ = {isa = PBXFileReference; fileEncoding = 4; lastKnownFileType = sourcecode.cpp.objcpp; name = HDGameOverLayer.mm; path = Projectfiles/HDGameOverLayer.mm; sourceTree = "<group>"; };
		C2F4558B161D251A0035942A /* game_over-568h-hd.png */ = {isa = PBXFileReference; lastKnownFileType = image.png; name = "game_over-568h-hd.png"; path = "Resources/game_over-568h-hd.png"; sourceTree = "<group>"; };
		C2F4558C161D251A0035942A /* game_over-568h.png */ = {isa = PBXFileReference; lastKnownFileType = image.png; name = "game_over-568h.png"; path = "Resources/game_over-568h.png"; sourceTree = "<group>"; };
		C2F5F761160A7B9F002B8EE9 /* credits-hd.png */ = {isa = PBXFileReference; lastKnownFileType = image.png; path = "credits-hd.png"; sourceTree = "<group>"; };
		C2F5F762160A7B9F002B8EE9 /* credits.png */ = {isa = PBXFileReference; lastKnownFileType = image.png; path = credits.png; sourceTree = "<group>"; };
		C2F5F766160A7C22002B8EE9 /* leader_board-hd.png */ = {isa = PBXFileReference; lastKnownFileType = image.png; path = "leader_board-hd.png"; sourceTree = "<group>"; };
		C2F5F767160A7C22002B8EE9 /* leader_board.png */ = {isa = PBXFileReference; lastKnownFileType = image.png; path = leader_board.png; sourceTree = "<group>"; };
		C2F5F76B160A7DB9002B8EE9 /* HDSettingsLayer.mm */ = {isa = PBXFileReference; fileEncoding = 4; lastKnownFileType = sourcecode.cpp.objcpp; name = HDSettingsLayer.mm; path = Projectfiles/HDSettingsLayer.mm; sourceTree = "<group>"; };
		C2F7079D1606736A000764E4 /* abandon-hd.png */ = {isa = PBXFileReference; lastKnownFileType = image.png; path = "abandon-hd.png"; sourceTree = "<group>"; };
		C2F7079E1606736A000764E4 /* abandon.png */ = {isa = PBXFileReference; lastKnownFileType = image.png; path = abandon.png; sourceTree = "<group>"; };
		DC193EB213B6872600500B56 /* GLES-Render.h */ = {isa = PBXFileReference; fileEncoding = 4; lastKnownFileType = sourcecode.c.h; path = "GLES-Render.h"; sourceTree = "<group>"; };
		DC193EB313B6872600500B56 /* GLES-Render.mm */ = {isa = PBXFileReference; fileEncoding = 4; lastKnownFileType = sourcecode.cpp.objcpp; path = "GLES-Render.mm"; sourceTree = "<group>"; };
		DC193EBA13B6956F00500B56 /* ContactListener.h */ = {isa = PBXFileReference; fileEncoding = 4; lastKnownFileType = sourcecode.c.h; path = ContactListener.h; sourceTree = "<group>"; };
		DC193EBB13B6956F00500B56 /* ContactListener.mm */ = {isa = PBXFileReference; fileEncoding = 4; lastKnownFileType = sourcecode.cpp.objcpp; path = ContactListener.mm; sourceTree = "<group>"; };
		DC26D6BD14B9E4D500B6002E /* fps_images-hd.png */ = {isa = PBXFileReference; lastKnownFileType = image.png; name = "fps_images-hd.png"; path = "Resources/fps_images-hd.png"; sourceTree = "<group>"; };
		DC2A3EC2149A30B400EF78B0 /* Box2DDebugLayer.h */ = {isa = PBXFileReference; fileEncoding = 4; lastKnownFileType = sourcecode.c.h; path = Box2DDebugLayer.h; sourceTree = "<group>"; };
		DC2A3EC3149A30B400EF78B0 /* Box2DDebugLayer.mm */ = {isa = PBXFileReference; fileEncoding = 4; lastKnownFileType = sourcecode.cpp.objcpp; path = Box2DDebugLayer.mm; sourceTree = "<group>"; };
		DC3BE97813B4FB71003739CC /* BuildSettings-iOS.xcconfig */ = {isa = PBXFileReference; lastKnownFileType = text.xcconfig; path = "BuildSettings-iOS.xcconfig"; sourceTree = "<group>"; };
		DC65615013A969B600A7AC53 /* libbox2d-ios.a */ = {isa = PBXFileReference; explicitFileType = archive.ar; path = "libbox2d-ios.a"; sourceTree = BUILT_PRODUCTS_DIR; };
		DC65615113A969B600A7AC53 /* libchipmunk-ios.a */ = {isa = PBXFileReference; explicitFileType = archive.ar; path = "libchipmunk-ios.a"; sourceTree = BUILT_PRODUCTS_DIR; };
		DC65615213A969B600A7AC53 /* libchipmunk-spacemanager-ios.a */ = {isa = PBXFileReference; explicitFileType = archive.ar; path = "libchipmunk-spacemanager-ios.a"; sourceTree = BUILT_PRODUCTS_DIR; };
		DC65615413A969B600A7AC53 /* libcocos2d-extensions-ios.a */ = {isa = PBXFileReference; explicitFileType = archive.ar; path = "libcocos2d-extensions-ios.a"; sourceTree = BUILT_PRODUCTS_DIR; };
		DC65615513A969B600A7AC53 /* libcocos2d-ios.a */ = {isa = PBXFileReference; explicitFileType = archive.ar; path = "libcocos2d-ios.a"; sourceTree = BUILT_PRODUCTS_DIR; };
		DC65615613A969B600A7AC53 /* libcocos3d-ios.a */ = {isa = PBXFileReference; explicitFileType = archive.ar; path = "libcocos3d-ios.a"; sourceTree = BUILT_PRODUCTS_DIR; };
		DC65615713A969B600A7AC53 /* libcocosdenshion-ios.a */ = {isa = PBXFileReference; explicitFileType = archive.ar; path = "libcocosdenshion-ios.a"; sourceTree = BUILT_PRODUCTS_DIR; };
		DC65615813A969B600A7AC53 /* libkobold2d-ios.a */ = {isa = PBXFileReference; explicitFileType = archive.ar; path = "libkobold2d-ios.a"; sourceTree = BUILT_PRODUCTS_DIR; };
		DC65615913A969B600A7AC53 /* libobjectal-ios.a */ = {isa = PBXFileReference; explicitFileType = archive.ar; path = "libobjectal-ios.a"; sourceTree = BUILT_PRODUCTS_DIR; };
		DC65615A13A969B600A7AC53 /* libsneakyinput-ios.a */ = {isa = PBXFileReference; explicitFileType = archive.ar; path = "libsneakyinput-ios.a"; sourceTree = BUILT_PRODUCTS_DIR; };
		DC65617C15114BC500E59F8A /* fps_images-ipadhd.png */ = {isa = PBXFileReference; lastKnownFileType = image.png; name = "fps_images-ipadhd.png"; path = "Resources/fps_images-ipadhd.png"; sourceTree = "<group>"; };
		DC9C33E713B5024400931BF2 /* BuildSettings-Debug-Mac.xcconfig */ = {isa = PBXFileReference; lastKnownFileType = text.xcconfig; path = "BuildSettings-Debug-Mac.xcconfig"; sourceTree = "<group>"; };
		DC9C33E813B5024400931BF2 /* BuildSettings-Mac.xcconfig */ = {isa = PBXFileReference; lastKnownFileType = text.xcconfig; path = "BuildSettings-Mac.xcconfig"; sourceTree = "<group>"; };
		DC9C33E913B5024400931BF2 /* BuildSettings-Release-Mac.xcconfig */ = {isa = PBXFileReference; lastKnownFileType = text.xcconfig; path = "BuildSettings-Release-Mac.xcconfig"; sourceTree = "<group>"; };
		DCC1A0E313A94ED5005BD75D /* hoopydrop.app */ = {isa = PBXFileReference; explicitFileType = wrapper.application; includeInIndex = 0; path = hoopydrop.app; sourceTree = BUILT_PRODUCTS_DIR; };
		DCC1A0F913A94ED5005BD75D /* Default.png */ = {isa = PBXFileReference; lastKnownFileType = image.png; name = Default.png; path = Resources/Default.png; sourceTree = "<group>"; };
		DCC1A0FB13A94ED5005BD75D /* fps_images.png */ = {isa = PBXFileReference; lastKnownFileType = image.png; name = fps_images.png; path = Resources/fps_images.png; sourceTree = "<group>"; };
		DCC1A0FD13A94ED5005BD75D /* Icon-72.png */ = {isa = PBXFileReference; lastKnownFileType = image.png; name = "Icon-72.png"; path = "Resources/Icon-72.png"; sourceTree = "<group>"; };
		DCC1A0FF13A94ED5005BD75D /* Icon-Small-50.png */ = {isa = PBXFileReference; lastKnownFileType = image.png; name = "Icon-Small-50.png"; path = "Resources/Icon-Small-50.png"; sourceTree = "<group>"; };
		DCC1A10113A94ED5005BD75D /* Icon-Small.png */ = {isa = PBXFileReference; lastKnownFileType = image.png; name = "Icon-Small.png"; path = "Resources/Icon-Small.png"; sourceTree = "<group>"; };
		DCC1A10313A94ED5005BD75D /* Icon-Small@2x.png */ = {isa = PBXFileReference; lastKnownFileType = image.png; name = "Icon-Small@2x.png"; path = "Resources/Icon-Small@2x.png"; sourceTree = "<group>"; };
		DCC1A10513A94ED5005BD75D /* Icon.png */ = {isa = PBXFileReference; lastKnownFileType = image.png; name = Icon.png; path = Resources/Icon.png; sourceTree = "<group>"; };
		DCC1A10713A94ED5005BD75D /* Icon@2x.png */ = {isa = PBXFileReference; lastKnownFileType = image.png; name = "Icon@2x.png"; path = "Resources/Icon@2x.png"; sourceTree = "<group>"; };
		DCC1A10913A94ED5005BD75D /* Info.plist */ = {isa = PBXFileReference; lastKnownFileType = text.plist.xml; name = Info.plist; path = Resources/Info.plist; sourceTree = "<group>"; };
		DCC1A10A13A94ED5005BD75D /* iTunesArtwork */ = {isa = PBXFileReference; lastKnownFileType = file; name = iTunesArtwork; path = Resources/iTunesArtwork; sourceTree = "<group>"; };
		DCC1A26813A94EE6005BD75D /* English */ = {isa = PBXFileReference; lastKnownFileType = text.plist.strings; name = English; path = Resources/English.lproj/InfoPlist.strings; sourceTree = "<group>"; };
		DCC1A26B13A94EE6005BD75D /* English */ = {isa = PBXFileReference; lastKnownFileType = file.xib; name = English; path = Resources/English.lproj/MainMenu.xib; sourceTree = "<group>"; };
		DCC1A26D13A94EE6005BD75D /* fps_images.png */ = {isa = PBXFileReference; lastKnownFileType = image.png; name = fps_images.png; path = Resources/fps_images.png; sourceTree = "<group>"; };
		DCC1A26F13A94EE6005BD75D /* icon.icns */ = {isa = PBXFileReference; lastKnownFileType = image.icns; name = icon.icns; path = Resources/icon.icns; sourceTree = "<group>"; };
		DCC1A27113A94EE6005BD75D /* Info.plist */ = {isa = PBXFileReference; lastKnownFileType = text.plist.xml; name = Info.plist; path = Resources/Info.plist; sourceTree = "<group>"; };
		DCC1A38D13A94F1A005BD75D /* AppDelegate.h */ = {isa = PBXFileReference; fileEncoding = 4; lastKnownFileType = sourcecode.c.h; path = AppDelegate.h; sourceTree = "<group>"; };
		DCC1A38E13A94F1A005BD75D /* AppDelegate.mm */ = {isa = PBXFileReference; fileEncoding = 4; lastKnownFileType = sourcecode.cpp.objcpp; path = AppDelegate.mm; sourceTree = "<group>"; };
		DCC1A38F13A94F1A005BD75D /* PhysicsLayer.h */ = {isa = PBXFileReference; fileEncoding = 4; lastKnownFileType = sourcecode.c.h; path = PhysicsLayer.h; sourceTree = "<group>"; };
		DCC1A39013A94F1A005BD75D /* PhysicsLayer.mm */ = {isa = PBXFileReference; fileEncoding = 4; lastKnownFileType = sourcecode.cpp.objcpp; path = PhysicsLayer.mm; sourceTree = "<group>"; };
		DCC1A39113A94F1A005BD75D /* main.m */ = {isa = PBXFileReference; fileEncoding = 4; lastKnownFileType = sourcecode.c.objc; path = main.m; sourceTree = "<group>"; };
		DCC1A39213A94F1A005BD75D /* Prefix-iOS.pch */ = {isa = PBXFileReference; fileEncoding = 4; lastKnownFileType = sourcecode.c.h; path = "Prefix-iOS.pch"; sourceTree = "<group>"; };
		DCC1A39313A94F1A005BD75D /* Prefix-Mac.pch */ = {isa = PBXFileReference; fileEncoding = 4; lastKnownFileType = sourcecode.c.h; path = "Prefix-Mac.pch"; sourceTree = "<group>"; };
		DCC1A39513A94F1A005BD75D /* config.lua */ = {isa = PBXFileReference; explicitFileType = sourcecode.applescript; fileEncoding = 4; path = config.lua; sourceTree = "<group>"; };
		DCFA90EF13B4F6F7009DD35A /* BuildSettings-Debug-iOS.xcconfig */ = {isa = PBXFileReference; lastKnownFileType = text.xcconfig; path = "BuildSettings-Debug-iOS.xcconfig"; sourceTree = "<group>"; };
		DCFA90F013B4F811009DD35A /* BuildSettings-Release-iOS.xcconfig */ = {isa = PBXFileReference; lastKnownFileType = text.xcconfig; path = "BuildSettings-Release-iOS.xcconfig"; sourceTree = "<group>"; };
/* End PBXFileReference section */

/* Begin PBXFrameworksBuildPhase section */
		DCC1A0E013A94ED5005BD75D /* Frameworks */ = {
			isa = PBXFrameworksBuildPhase;
			buildActionMask = 2147483647;
			files = (
				C24A84671607E51B00F769D4 /* Security.framework in Frameworks */,
				DC65615C13A969B600A7AC53 /* libbox2d-ios.a in Frameworks */,
				DC65615D13A969B600A7AC53 /* libchipmunk-ios.a in Frameworks */,
				DC65615E13A969B600A7AC53 /* libchipmunk-spacemanager-ios.a in Frameworks */,
				DC65616013A969B600A7AC53 /* libcocos2d-extensions-ios.a in Frameworks */,
				DC65616113A969B600A7AC53 /* libcocos2d-ios.a in Frameworks */,
				DC65616213A969B600A7AC53 /* libcocos3d-ios.a in Frameworks */,
				DC65616313A969B600A7AC53 /* libcocosdenshion-ios.a in Frameworks */,
				DC65616413A969B600A7AC53 /* libkobold2d-ios.a in Frameworks */,
				DC65616513A969B600A7AC53 /* libobjectal-ios.a in Frameworks */,
				DC65616613A969B600A7AC53 /* libsneakyinput-ios.a in Frameworks */,
			);
			runOnlyForDeploymentPostprocessing = 0;
		};
/* End PBXFrameworksBuildPhase section */

/* Begin PBXGroup section */
		C206D98516001CFF00CAA726 /* DisplayLayers */ = {
			isa = PBXGroup;
			children = (
				C26773E01600FD1A008B2135 /* PauseLayer.mm */,
				C26773C116001FBA008B2135 /* HDStartLayer.mm */,
				C206D98616001D3400CAA726 /* TextOverlayLayer.h */,
				C206D98716001D3400CAA726 /* TextOverlayLayer.mm */,
				C233C52416056A7E00622E77 /* BackgroundLayer.mm */,
				C233C52716056FB600622E77 /* HDGamePlayRootScene.mm */,
				C2F5F76B160A7DB9002B8EE9 /* HDSettingsLayer.mm */,
				C26FF867160A854200190FC7 /* HelpLayer.mm */,
				C24F509F1612AFD0005435E1 /* HDGamePlayBackground.mm */,
				C246846F160C72D10063DAAD /* LeaderBoardLayer.mm */,
				C2468473160C76610063DAAD /* AboutLayer.mm */,
				C2F45589161D22690035942A /* HDGameOverLayer.mm */,
			);
			name = DisplayLayers;
			sourceTree = "<group>";
		};
		C2204249161151AF00876EDD /* Util */ = {
			isa = PBXGroup;
			children = (
				C220424B161151C700876EDD /* ScreenImage.mm */,
				C2204253161154C900876EDD /* HDUtil.h */,
				C28511AA1620C1F000C59AF9 /* TouchUtil.mm */,
			);
			name = Util;
			sourceTree = "<group>";
		};
		C24A84581607E3A400F769D4 /* Keychain */ = {
			isa = PBXGroup;
			children = (
				C24A84601607E42700F769D4 /* PDKeychainBindings.h */,
				C2204249161151AF00876EDD /* Util */,
				C24A84611607E42700F769D4 /* PDKeychainBindings.m */,
				C24A84631607E46200F769D4 /* PDKeychainBindingsController.h */,
				C24A84641607E46200F769D4 /* PDKeychainBindingsController.m */,
				C204587116251B13007E6D0C /* HDPersistantData.h */,
				C204587216251B13007E6D0C /* HDPersistantData.mm */,
			);
			name = Keychain;
			sourceTree = "<group>";
		};
		DCC1A0D613A94EC0005BD75D = {
			isa = PBXGroup;
			children = (
				C24A84581607E3A400F769D4 /* Keychain */,
				C206D98516001CFF00CAA726 /* DisplayLayers */,
				DCC1A38C13A94F1A005BD75D /* Projectfiles */,
				DCC1A0F713A94ED5005BD75D /* Projectfiles-iOS */,
				DCC1A26413A94EE6005BD75D /* Projectfiles-Mac */,
				DCFA90ED13B4F6A0009DD35A /* BuildSettings */,
				DCC1A0E613A94ED5005BD75D /* Frameworks */,
				DCC1A0E413A94ED5005BD75D /* Products */,
			);
			sourceTree = "<group>";
		};
		DCC1A0E413A94ED5005BD75D /* Products */ = {
			isa = PBXGroup;
			children = (
				DCC1A0E313A94ED5005BD75D /* hoopydrop.app */,
			);
			name = Products;
			sourceTree = "<group>";
		};
		DCC1A0E613A94ED5005BD75D /* Frameworks */ = {
			isa = PBXGroup;
			children = (
				C24A84661607E51B00F769D4 /* Security.framework */,
			);
			name = Frameworks;
			sourceTree = "<group>";
		};
		DCC1A0F713A94ED5005BD75D /* Projectfiles-iOS */ = {
			isa = PBXGroup;
			children = (
				DCC1A0F813A94ED5005BD75D /* Resources */,
			);
			path = "Projectfiles-iOS";
			sourceTree = "<group>";
		};
		DCC1A0F813A94ED5005BD75D /* Resources */ = {
			isa = PBXGroup;
			children = (
				C200D349162CF43500B46110 /* score_wall-hd.png */,
				C200D34A162CF43500B46110 /* score_wall.png */,
				C2DAA6C8162CB4830098F87F /* score_sep-hd.png */,
				C2DAA6C9162CB4830098F87F /* score_sep.png */,
				C2DAA6CA162CB4830098F87F /* score-back-hd.png */,
				C2DAA6CB162CB4830098F87F /* score-back.png */,
				C2F4558B161D251A0035942A /* game_over-568h-hd.png */,
				C2F4558C161D251A0035942A /* game_over-568h.png */,
				C2F45581161D21960035942A /* game_over-hd.png */,
				C2F45582161D21960035942A /* game_over.png */,
				C24F509A1612AF53005435E1 /* hexabump.png */,
				C24F509B1612AF53005435E1 /* hexabump.tmx */,
				C24F50A11612B0E4005435E1 /* hexabump-hd.tmx */,
				C24F50A31612B160005435E1 /* hexabump-568@2x.tmx */,
				C220425E161157C700876EDD /* faderOverlay-568h-hd.png */,
				C22042571611575500876EDD /* faderOverlay-hd.png */,
				C22042581611575500876EDD /* faderOverlay.png */,
				C22042591611575500876EDD /* start_screen_bg-568h-hd.png */,
				C220423D16113E1200876EDD /* start_screen_bg-hd.png */,
				C220423E16113E1200876EDD /* start_screen_bg.png */,
				C2DA46E316110772000AEFF3 /* Default-568h@2x.png */,
				C2DA46DF161106C5000AEFF3 /* Default@2x.png */,
				DCC1A0F913A94ED5005BD75D /* Default.png */,
				DCC1A0FB13A94ED5005BD75D /* fps_images.png */,
				DC26D6BD14B9E4D500B6002E /* fps_images-hd.png */,
				DC65617C15114BC500E59F8A /* fps_images-ipadhd.png */,
				DCC1A0FD13A94ED5005BD75D /* Icon-72.png */,
				DCC1A0FF13A94ED5005BD75D /* Icon-Small-50.png */,
				DCC1A10113A94ED5005BD75D /* Icon-Small.png */,
				DCC1A10313A94ED5005BD75D /* Icon-Small@2x.png */,
				DCC1A10513A94ED5005BD75D /* Icon.png */,
				DCC1A10713A94ED5005BD75D /* Icon@2x.png */,
				DCC1A10913A94ED5005BD75D /* Info.plist */,
				DCC1A10A13A94ED5005BD75D /* iTunesArtwork */,
			);
			name = Resources;
			sourceTree = "<group>";
		};
		DCC1A26413A94EE6005BD75D /* Projectfiles-Mac */ = {
			isa = PBXGroup;
			children = (
				DCC1A26513A94EE6005BD75D /* Resources */,
			);
			path = "Projectfiles-Mac";
			sourceTree = "<group>";
		};
		DCC1A26513A94EE6005BD75D /* Resources */ = {
			isa = PBXGroup;
			children = (
				DCC1A26D13A94EE6005BD75D /* fps_images.png */,
				DCC1A26F13A94EE6005BD75D /* icon.icns */,
				DCC1A27113A94EE6005BD75D /* Info.plist */,
				DCC1A26613A94EE6005BD75D /* English.lproj */,
			);
			name = Resources;
			sourceTree = "<group>";
		};
		DCC1A26613A94EE6005BD75D /* English.lproj */ = {
			isa = PBXGroup;
			children = (
				DCC1A26713A94EE6005BD75D /* InfoPlist.strings */,
				DCC1A26A13A94EE6005BD75D /* MainMenu.xib */,
			);
			name = English.lproj;
			sourceTree = "<group>";
		};
		DCC1A38C13A94F1A005BD75D /* Projectfiles */ = {
			isa = PBXGroup;
			children = (
				DC2A3EC2149A30B400EF78B0 /* Box2DDebugLayer.h */,
				DC2A3EC3149A30B400EF78B0 /* Box2DDebugLayer.mm */,
				DCC1A38F13A94F1A005BD75D /* PhysicsLayer.h */,
				DCC1A39013A94F1A005BD75D /* PhysicsLayer.mm */,
				DC193EBA13B6956F00500B56 /* ContactListener.h */,
				DC193EBB13B6956F00500B56 /* ContactListener.mm */,
				DC193EB213B6872600500B56 /* GLES-Render.h */,
				DC193EB313B6872600500B56 /* GLES-Render.mm */,
				DCC1A38D13A94F1A005BD75D /* AppDelegate.h */,
				DCC1A38E13A94F1A005BD75D /* AppDelegate.mm */,
				DCC1A39413A94F1A005BD75D /* Resources */,
				DCC1A3CF13A94F2C005BD75D /* Supporting Files */,
				C206D98C16001D7200CAA726 /* HoopyDrop.h */,
				C206D98D16001D7200CAA726 /* GameManager.mm */,
				C26773CC16004144008B2135 /* CollisionHandler.h */,
				C26773CD16004144008B2135 /* CollisionHandler.mm */,
				C26773D0160051A4008B2135 /* DeletableBody.mm */,
				C233C5181605312F00622E77 /* HDTimer.mm */,
				C24A846A16093DB200F769D4 /* HDOrbTimer.mm */,
			);
			path = Projectfiles;
			sourceTree = "<group>";
		};
		DCC1A39413A94F1A005BD75D /* Resources */ = {
			isa = PBXGroup;
			children = (
				C2172CEE162BA48C006D6EE4 /* home_button_sel-hd.png */,
				C2172CEF162BA48C006D6EE4 /* home_button_sel.png */,
				C2172CF0162BA48C006D6EE4 /* home_button-hd.png */,
				C2172CF1162BA48C006D6EE4 /* home_button.png */,
				C28511A416209F5400C59AF9 /* alarm.aif */,
				C28511A71620A78B00C59AF9 /* game_over.aif */,
				C2172CFE162BBF99006D6EE4 /* hdfont-full-hd.fnt */,
				C2172CFF162BBF99006D6EE4 /* hdfont-full-hd.png */,
				C2172D00162BBF99006D6EE4 /* hdfont-full.fnt */,
				C2172D01162BBF99006D6EE4 /* hdfont-full.png */,
				C2172D06162BC262006D6EE4 /* hdfont-full-small-hd.fnt */,
				C2172D07162BC262006D6EE4 /* hdfont-full-small-hd.png */,
				C2172D08162BC262006D6EE4 /* hdfont-full-small.fnt */,
				C2172D09162BC262006D6EE4 /* hdfont-full-small.png */,
				C288C9AE161E84DB00DF85CC /* hoopy-hd.plist */,
				C288C9AF161E84DB00DF85CC /* hoopy-hd.png */,
				C206BB471617A24D0046C4DE /* hoopy.plist */,
				C206BB481617A24D0046C4DE /* hoopy.png */,
				C239A44D1613F195000DEAEA /* orbs-hd.plist */,
				C239A44E1613F195000DEAEA /* orbs-hd.png */,
				C239A44F1613F195000DEAEA /* orbs.plist */,
				C239A4501613F195000DEAEA /* orbs.png */,
				C205A12A160E4F7200A4209C /* button-back-hd.png */,
				C205A12B160E4F7200A4209C /* button-back.png */,
				C2F5F761160A7B9F002B8EE9 /* credits-hd.png */,
				C2F5F762160A7B9F002B8EE9 /* credits.png */,
				C26FF862160A850F00190FC7 /* credits_sel-hd.png */,
				C26FF863160A850F00190FC7 /* credits_sel.png */,
				C2F5F766160A7C22002B8EE9 /* leader_board-hd.png */,
				C2F5F767160A7C22002B8EE9 /* leader_board.png */,
				C26FF85E160A850500190FC7 /* leader_board_sel-hd.png */,
				C26FF85F160A850500190FC7 /* leader_board_sel.png */,
				C24A8470160A6B0500F769D4 /* gear_button-hd.png */,
				C24A8471160A6B0500F769D4 /* gear_button.png */,
				C26FF855160A82E400190FC7 /* gear_button_sel-hd.png */,
				C26FF856160A82E400190FC7 /* gear_button_sel.png */,
				C24A846C160A687200F769D4 /* question_button-hd.png */,
				C24A846D160A687200F769D4 /* question_button.png */,
				C26FF85A160A847B00190FC7 /* question_button_sel-hd.png */,
				C26FF85B160A847B00190FC7 /* question_button_sel.png */,
				C2F7079D1606736A000764E4 /* abandon-hd.png */,
				C2F7079E1606736A000764E4 /* abandon.png */,
				C233C51F1605653D00622E77 /* background-hd.png */,
				C233C5201605653D00622E77 /* background.png */,
				C220426016115A1500876EDD /* start.png */,
				C220426616115E5200876EDD /* start-hd.png */,
				DCC1A39513A94F1A005BD75D /* config.lua */,
			);
			path = Resources;
			sourceTree = "<group>";
		};
		DCC1A3CF13A94F2C005BD75D /* Supporting Files */ = {
			isa = PBXGroup;
			children = (
				DCC1A39113A94F1A005BD75D /* main.m */,
				DCC1A39213A94F1A005BD75D /* Prefix-iOS.pch */,
				DCC1A39313A94F1A005BD75D /* Prefix-Mac.pch */,
			);
			name = "Supporting Files";
			sourceTree = "<group>";
		};
		DCFA90ED13B4F6A0009DD35A /* BuildSettings */ = {
			isa = PBXGroup;
			children = (
				DCFA90EF13B4F6F7009DD35A /* BuildSettings-Debug-iOS.xcconfig */,
				DCFA90F013B4F811009DD35A /* BuildSettings-Release-iOS.xcconfig */,
				DC3BE97813B4FB71003739CC /* BuildSettings-iOS.xcconfig */,
				DC9C33E713B5024400931BF2 /* BuildSettings-Debug-Mac.xcconfig */,
				DC9C33E913B5024400931BF2 /* BuildSettings-Release-Mac.xcconfig */,
				DC9C33E813B5024400931BF2 /* BuildSettings-Mac.xcconfig */,
			);
			path = BuildSettings;
			sourceTree = "<group>";
		};
/* End PBXGroup section */

/* Begin PBXNativeTarget section */
		DCC1A0E213A94ED5005BD75D /* HoopyDrop */ = {
			isa = PBXNativeTarget;
			buildConfigurationList = DCC1A25313A94ED7005BD75D /* Build configuration list for PBXNativeTarget "HoopyDrop" */;
			buildPhases = (
				DCC1A0DF13A94ED5005BD75D /* Sources */,
				DCC1A0E013A94ED5005BD75D /* Frameworks */,
				DCC1A0E113A94ED5005BD75D /* Resources */,
			);
			buildRules = (
			);
			dependencies = (
			);
			name = HoopyDrop;
			productName = "Hello-World-iOS";
			productReference = DCC1A0E313A94ED5005BD75D /* hoopydrop.app */;
			productType = "com.apple.product-type.application";
		};
/* End PBXNativeTarget section */

/* Begin PBXProject section */
		DCC1A0D813A94EC0005BD75D /* Project object */ = {
			isa = PBXProject;
			attributes = {
				LastUpgradeCheck = 0450;
			};
			buildConfigurationList = DCC1A0DB13A94EC0005BD75D /* Build configuration list for PBXProject "HoopyDrop" */;
			compatibilityVersion = "Xcode 3.2";
			developmentRegion = English;
			hasScannedForEncodings = 0;
			knownRegions = (
				en,
				English,
			);
			mainGroup = DCC1A0D613A94EC0005BD75D;
			productRefGroup = DCC1A0E413A94ED5005BD75D /* Products */;
			projectDirPath = "";
			projectRoot = "";
			targets = (
				DCC1A0E213A94ED5005BD75D /* HoopyDrop */,
			);
		};
/* End PBXProject section */

/* Begin PBXResourcesBuildPhase section */
		DCC1A0E113A94ED5005BD75D /* Resources */ = {
			isa = PBXResourcesBuildPhase;
			buildActionMask = 2147483647;
			files = (
				DCC1A0FA13A94ED5005BD75D /* Default.png in Resources */,
				DCC1A0FC13A94ED5005BD75D /* fps_images.png in Resources */,
				DCC1A0FE13A94ED5005BD75D /* Icon-72.png in Resources */,
				DCC1A10013A94ED5005BD75D /* Icon-Small-50.png in Resources */,
				DCC1A10213A94ED5005BD75D /* Icon-Small.png in Resources */,
				DCC1A10413A94ED5005BD75D /* Icon-Small@2x.png in Resources */,
				DCC1A10613A94ED5005BD75D /* Icon.png in Resources */,
				DCC1A10813A94ED5005BD75D /* Icon@2x.png in Resources */,
				DCC1A10B13A94ED5005BD75D /* iTunesArtwork in Resources */,
				DCC1A3AF13A94F1A005BD75D /* config.lua in Resources */,
				DC26D6BE14B9E4D500B6002E /* fps_images-hd.png in Resources */,
				DC65617D15114BC500E59F8A /* fps_images-ipadhd.png in Resources */,
				C233C5211605653D00622E77 /* background-hd.png in Resources */,
				C233C5221605653D00622E77 /* background.png in Resources */,
				C2F7079F1606736A000764E4 /* abandon-hd.png in Resources */,
				C2F707A01606736A000764E4 /* abandon.png in Resources */,
				C24A846E160A687200F769D4 /* question_button-hd.png in Resources */,
				C24A846F160A687200F769D4 /* question_button.png in Resources */,
				C24A8472160A6B0500F769D4 /* gear_button-hd.png in Resources */,
				C24A8473160A6B0500F769D4 /* gear_button.png in Resources */,
				C2F5F763160A7B9F002B8EE9 /* credits-hd.png in Resources */,
				C2F5F764160A7B9F002B8EE9 /* credits.png in Resources */,
				C2F5F768160A7C22002B8EE9 /* leader_board-hd.png in Resources */,
				C2F5F769160A7C22002B8EE9 /* leader_board.png in Resources */,
				C26FF857160A82E400190FC7 /* gear_button_sel-hd.png in Resources */,
				C26FF858160A82E400190FC7 /* gear_button_sel.png in Resources */,
				C26FF85C160A847B00190FC7 /* question_button_sel-hd.png in Resources */,
				C26FF85D160A847B00190FC7 /* question_button_sel.png in Resources */,
				C26FF860160A850500190FC7 /* leader_board_sel-hd.png in Resources */,
				C26FF861160A850500190FC7 /* leader_board_sel.png in Resources */,
				C26FF864160A850F00190FC7 /* credits_sel-hd.png in Resources */,
				C26FF865160A850F00190FC7 /* credits_sel.png in Resources */,
				C205A12C160E4F7200A4209C /* button-back-hd.png in Resources */,
				C205A12D160E4F7200A4209C /* button-back.png in Resources */,
				C2DA46E1161106C5000AEFF3 /* Default@2x.png in Resources */,
				C2DA46E416110772000AEFF3 /* Default-568h@2x.png in Resources */,
				C220424016113E1200876EDD /* start_screen_bg-hd.png in Resources */,
				C220424116113E1200876EDD /* start_screen_bg.png in Resources */,
				C220425B1611575500876EDD /* faderOverlay-hd.png in Resources */,
				C220425C1611575500876EDD /* faderOverlay.png in Resources */,
				C220425D1611575500876EDD /* start_screen_bg-568h-hd.png in Resources */,
				C220425F161157C700876EDD /* faderOverlay-568h-hd.png in Resources */,
				C220426116115A1500876EDD /* start.png in Resources */,
				C220426716115E5200876EDD /* start-hd.png in Resources */,
				C24F509C1612AF53005435E1 /* hexabump.png in Resources */,
				C24F509D1612AF53005435E1 /* hexabump.tmx in Resources */,
				C24F50A21612B0E4005435E1 /* hexabump-hd.tmx in Resources */,
				C24F50A41612B160005435E1 /* hexabump-568@2x.tmx in Resources */,
				C239A4511613F195000DEAEA /* orbs-hd.plist in Resources */,
				C239A4521613F195000DEAEA /* orbs-hd.png in Resources */,
				C239A4531613F195000DEAEA /* orbs.plist in Resources */,
				C239A4541613F195000DEAEA /* orbs.png in Resources */,
				C206BB491617A24D0046C4DE /* hoopy.plist in Resources */,
				C206BB4A1617A24D0046C4DE /* hoopy.png in Resources */,
				C2F45585161D21960035942A /* game_over-hd.png in Resources */,
				C2F45586161D21960035942A /* game_over.png in Resources */,
				C2F4558D161D251A0035942A /* game_over-568h-hd.png in Resources */,
				C2F4558E161D251A0035942A /* game_over-568h.png in Resources */,
				C288C9B0161E84DB00DF85CC /* hoopy-hd.plist in Resources */,
				C288C9B1161E84DB00DF85CC /* hoopy-hd.png in Resources */,
				C28511A516209F5400C59AF9 /* alarm.aif in Resources */,
				C28511A81620A78B00C59AF9 /* game_over.aif in Resources */,
				C2172CF2162BA48C006D6EE4 /* home_button_sel-hd.png in Resources */,
				C2172CF3162BA48C006D6EE4 /* home_button_sel.png in Resources */,
				C2172CF4162BA48C006D6EE4 /* home_button-hd.png in Resources */,
				C2172CF5162BA48C006D6EE4 /* home_button.png in Resources */,
				C2172D02162BBF99006D6EE4 /* hdfont-full-hd.fnt in Resources */,
				C2172D03162BBF99006D6EE4 /* hdfont-full-hd.png in Resources */,
				C2172D04162BBF99006D6EE4 /* hdfont-full.fnt in Resources */,
				C2172D05162BBF99006D6EE4 /* hdfont-full.png in Resources */,
				C2172D0A162BC262006D6EE4 /* hdfont-full-small-hd.fnt in Resources */,
				C2172D0B162BC262006D6EE4 /* hdfont-full-small-hd.png in Resources */,
				C2172D0C162BC262006D6EE4 /* hdfont-full-small.fnt in Resources */,
				C2172D0D162BC262006D6EE4 /* hdfont-full-small.png in Resources */,
				C2DAA6CC162CB4830098F87F /* score_sep-hd.png in Resources */,
				C2DAA6CD162CB4830098F87F /* score_sep.png in Resources */,
				C2DAA6CE162CB4830098F87F /* score-back-hd.png in Resources */,
				C2DAA6CF162CB4830098F87F /* score-back.png in Resources */,
				C200D34B162CF43500B46110 /* score_wall-hd.png in Resources */,
				C200D34C162CF43500B46110 /* score_wall.png in Resources */,
			);
			runOnlyForDeploymentPostprocessing = 0;
		};
/* End PBXResourcesBuildPhase section */

/* Begin PBXSourcesBuildPhase section */
		DCC1A0DF13A94ED5005BD75D /* Sources */ = {
			isa = PBXSourcesBuildPhase;
			buildActionMask = 2147483647;
			files = (
				DCC1A3A913A94F1A005BD75D /* AppDelegate.mm in Sources */,
				DCC1A3AB13A94F1A005BD75D /* PhysicsLayer.mm in Sources */,
				DCC1A3AD13A94F1A005BD75D /* main.m in Sources */,
				DC193EB813B692D100500B56 /* GLES-Render.mm in Sources */,
				DC193EBC13B6956F00500B56 /* ContactListener.mm in Sources */,
				DC2A3EC4149A30B400EF78B0 /* Box2DDebugLayer.mm in Sources */,
				C206D98816001D3400CAA726 /* TextOverlayLayer.mm in Sources */,
				C206D98E16001D7200CAA726 /* GameManager.mm in Sources */,
				C26773C216001FBA008B2135 /* HDStartLayer.mm in Sources */,
				C26773CE16004144008B2135 /* CollisionHandler.mm in Sources */,
				C26773D1160051A4008B2135 /* DeletableBody.mm in Sources */,
				C26773E11600FD1B008B2135 /* PauseLayer.mm in Sources */,
				C233C5191605312F00622E77 /* HDTimer.mm in Sources */,
				C233C52516056A7E00622E77 /* BackgroundLayer.mm in Sources */,
				C233C52816056FB600622E77 /* HDGamePlayRootScene.mm in Sources */,
				C24A84621607E42700F769D4 /* PDKeychainBindings.m in Sources */,
				C24A84651607E46200F769D4 /* PDKeychainBindingsController.m in Sources */,
				C24A846B16093DB200F769D4 /* HDOrbTimer.mm in Sources */,
				C2F5F76C160A7DB9002B8EE9 /* HDSettingsLayer.mm in Sources */,
				C26FF868160A854200190FC7 /* HelpLayer.mm in Sources */,
				C2468470160C72D10063DAAD /* LeaderBoardLayer.mm in Sources */,
				C2468474160C76610063DAAD /* AboutLayer.mm in Sources */,
				C220424C161151C700876EDD /* ScreenImage.mm in Sources */,
				C24F50A01612AFD0005435E1 /* HDGamePlayBackground.mm in Sources */,
				C2F4558A161D22690035942A /* HDGameOverLayer.mm in Sources */,
				C28511AB1620C1F000C59AF9 /* TouchUtil.mm in Sources */,
				C204587316251B13007E6D0C /* HDPersistantData.mm in Sources */,
			);
			runOnlyForDeploymentPostprocessing = 0;
		};
/* End PBXSourcesBuildPhase section */

/* Begin PBXVariantGroup section */
		DCC1A26713A94EE6005BD75D /* InfoPlist.strings */ = {
			isa = PBXVariantGroup;
			children = (
				DCC1A26813A94EE6005BD75D /* English */,
			);
			name = InfoPlist.strings;
			sourceTree = "<group>";
		};
		DCC1A26A13A94EE6005BD75D /* MainMenu.xib */ = {
			isa = PBXVariantGroup;
			children = (
				DCC1A26B13A94EE6005BD75D /* English */,
			);
			name = MainMenu.xib;
			sourceTree = "<group>";
		};
/* End PBXVariantGroup section */

/* Begin XCBuildConfiguration section */
		DCC1A0DD13A94EC0005BD75D /* Debug */ = {
			isa = XCBuildConfiguration;
			buildSettings = {
				CODE_SIGN_IDENTITY = "iPhone Distribution: Jonathan DeJong";
				IPHONEOS_DEPLOYMENT_TARGET = 5.0;
				PROVISIONING_PROFILE = "09FA2C97-68BD-45DF-A36A-67431A2A5CB2";
			};
			name = Debug;
		};
		DCC1A0DE13A94EC0005BD75D /* Release */ = {
			isa = XCBuildConfiguration;
			buildSettings = {
				CODE_SIGN_IDENTITY = "iPhone Distribution: Jonathan DeJong";
				IPHONEOS_DEPLOYMENT_TARGET = 5.0;
				PROVISIONING_PROFILE = "E450032E-508F-4BF9-A835-AE67F544ED47";
			};
			name = Release;
		};
		DCC1A25413A94ED7005BD75D /* Debug */ = {
			isa = XCBuildConfiguration;
			baseConfigurationReference = DCFA90EF13B4F6F7009DD35A /* BuildSettings-Debug-iOS.xcconfig */;
			buildSettings = {
				"CODE_SIGN_IDENTITY[sdk=*]" = "iPhone Developer";
				IPHONEOS_DEPLOYMENT_TARGET = 5.0;
				LIBRARY_SEARCH_PATHS = (
					"$(inherited)",
					"\"$(SRCROOT)/../__Kobold2D__/libs/GoogleAdMobAdsSDK\"",
				);
				PRODUCT_NAME = hoopydrop;
				"PROVISIONING_PROFILE[sdk=*]" = "";
				TARGETED_DEVICE_FAMILY = 1;
			};
			name = Debug;
		};
		DCC1A25513A94ED7005BD75D /* Release */ = {
			isa = XCBuildConfiguration;
			baseConfigurationReference = DCFA90F013B4F811009DD35A /* BuildSettings-Release-iOS.xcconfig */;
			buildSettings = {
				"CODE_SIGN_IDENTITY[sdk=iphoneos*]" = "iPhone Distribution: Jonathan DeJong";
				IPHONEOS_DEPLOYMENT_TARGET = 5.0;
				LIBRARY_SEARCH_PATHS = (
					"$(inherited)",
					"\"$(SRCROOT)/../__Kobold2D__/libs/GoogleAdMobAdsSDK\"",
				);
				PRODUCT_NAME = hoopydrop;
				"PROVISIONING_PROFILE[sdk=iphoneos*]" = "E450032E-508F-4BF9-A835-AE67F544ED47";
				TARGETED_DEVICE_FAMILY = 1;
			};
			name = Release;
		};
/* End XCBuildConfiguration section */

/* Begin XCConfigurationList section */
		DCC1A0DB13A94EC0005BD75D /* Build configuration list for PBXProject "HoopyDrop" */ = {
			isa = XCConfigurationList;
			buildConfigurations = (
				DCC1A0DD13A94EC0005BD75D /* Debug */,
				DCC1A0DE13A94EC0005BD75D /* Release */,
			);
			defaultConfigurationIsVisible = 0;
			defaultConfigurationName = Debug;
		};
		DCC1A25313A94ED7005BD75D /* Build configuration list for PBXNativeTarget "HoopyDrop" */ = {
			isa = XCConfigurationList;
			buildConfigurations = (
				DCC1A25413A94ED7005BD75D /* Debug */,
				DCC1A25513A94ED7005BD75D /* Release */,
			);
			defaultConfigurationIsVisible = 0;
			defaultConfigurationName = Debug;
		};
/* End XCConfigurationList section */
	};
	rootObject = DCC1A0D813A94EC0005BD75D /* Project object */;
}
